{
    "_meta": {
        "hash": {
            "sha256": "cee51acf5943d454b8f47f82d3252cf9162855a43b1210dcd773dd2b2ff44c50"
        },
        "pipfile-spec": 6,
        "requires": {
            "python_version": "3.12"
        },
        "sources": [
            {
                "name": "pypi",
                "url": "https://pypi.org/simple",
                "verify_ssl": true
            }
        ]
    },
    "default": {
        "asgiref": {
            "hashes": [
                "sha256:89b2ef2247e3b562a16eef663bc0e2e703ec6468e2fa8a5cd61cd449786d4f6e",
                "sha256:9e0ce3aa93a819ba5b45120216b23878cf6e8525eb3848653452b4192b92afed"
            ],
            "markers": "python_version >= '3.7'",
            "version": "==3.7.2"
        },
        "django": {
            "hashes": [
                "sha256:8e0f1c2c2786b5c0e39fe1afce24c926040fad47c8ea8ad30aaf1188df29fc41",
                "sha256:e1d37c51ad26186de355cbcec16613ebdabfa9689bbade9c538835205a8abbe9"
            ],
            "index": "pypi",
            "markers": "python_version >= '3.8'",
            "version": "==4.2.7"
        },
        "djangorestframework": {
            "hashes": [
                "sha256:579a333e6256b09489cbe0a067e66abe55c6595d8926be6b99423786334350c8",
                "sha256:eb63f58c9f218e1a7d064d17a70751f528ed4e1d35547fdade9aaf4cd103fd08"
            ],
            "index": "pypi",
            "markers": "python_version >= '3.6'",
            "version": "==3.14.0"
        },
        "djangorestframework-simplejwt": {
            "hashes": [
                "sha256:631d7ae2ed4365d7196a35d3cc0f6d382f7bd3361fb24c894f8f92b4da5db27d",
                "sha256:8e4c5dfca8d11c0b8a66dfd8a4e3fc1c6aa7ea188d10907ff91c942f4b52ed66"
            ],
            "index": "pypi",
            "markers": "python_version >= '3.7'",
            "version": "==5.3.0"
        },
        "djangorestframework-camel-case": {
            "hashes": [
                "sha256:cdae75846648abb6585c7470639a1d2fb064dc45f8e8b62aaa50be7f1a7a61f4"
            ],
            "index": "pypi",
            "markers": "python_version >= '3.5'",
            "version": "==1.4.2"
        },
        "dnspython": {
            "hashes": [
                "sha256:57c6fbaaeaaf39c891292012060beb141791735dbb4004798328fc2c467402d8",
                "sha256:8dcfae8c7460a2f84b4072e26f1c9f4101ca20c071649cb7c34e8b6a93d58984"
            ],
            "markers": "python_version >= '3.8' and python_version < '4.0'",
            "version": "==2.4.2"
        },
        "pillow": {
            "hashes": [
                "sha256:00f438bb841382b15d7deb9a05cc946ee0f2c352653c7aa659e75e592f6fa17d",
                "sha256:0248f86b3ea061e67817c47ecbe82c23f9dd5d5226200eb9090b3873d3ca32de",
                "sha256:04f6f6149f266a100374ca3cc368b67fb27c4af9f1cc8cb6306d849dcdf12616",
                "sha256:062a1610e3bc258bff2328ec43f34244fcec972ee0717200cb1425214fe5b839",
                "sha256:0a026c188be3b443916179f5d04548092e253beb0c3e2ee0a4e2cdad72f66099",
                "sha256:0f7c276c05a9767e877a0b4c5050c8bee6a6d960d7f0c11ebda6b99746068c2a",
                "sha256:1a8413794b4ad9719346cd9306118450b7b00d9a15846451549314a58ac42219",
                "sha256:1ab05f3db77e98f93964697c8efc49c7954b08dd61cff526b7f2531a22410106",
                "sha256:1c3ac5423c8c1da5928aa12c6e258921956757d976405e9467c5f39d1d577a4b",
                "sha256:1c41d960babf951e01a49c9746f92c5a7e0d939d1652d7ba30f6b3090f27e412",
                "sha256:1fafabe50a6977ac70dfe829b2d5735fd54e190ab55259ec8aea4aaea412fa0b",
                "sha256:1fb29c07478e6c06a46b867e43b0bcdb241b44cc52be9bc25ce5944eed4648e7",
                "sha256:24fadc71218ad2b8ffe437b54876c9382b4a29e030a05a9879f615091f42ffc2",
                "sha256:2cdc65a46e74514ce742c2013cd4a2d12e8553e3a2563c64879f7c7e4d28bce7",
                "sha256:2ef6721c97894a7aa77723740a09547197533146fba8355e86d6d9a4a1056b14",
                "sha256:3b834f4b16173e5b92ab6566f0473bfb09f939ba14b23b8da1f54fa63e4b623f",
                "sha256:3d929a19f5469b3f4df33a3df2983db070ebb2088a1e145e18facbc28cae5b27",
                "sha256:41f67248d92a5e0a2076d3517d8d4b1e41a97e2df10eb8f93106c89107f38b57",
                "sha256:47e5bf85b80abc03be7455c95b6d6e4896a62f6541c1f2ce77a7d2bb832af262",
                "sha256:4d0152565c6aa6ebbfb1e5d8624140a440f2b99bf7afaafbdbf6430426497f28",
                "sha256:50d08cd0a2ecd2a8657bd3d82c71efd5a58edb04d9308185d66c3a5a5bed9610",
                "sha256:61f1a9d247317fa08a308daaa8ee7b3f760ab1809ca2da14ecc88ae4257d6172",
                "sha256:6932a7652464746fcb484f7fc3618e6503d2066d853f68a4bd97193a3996e273",
                "sha256:7a7e3daa202beb61821c06d2517428e8e7c1aab08943e92ec9e5755c2fc9ba5e",
                "sha256:7dbaa3c7de82ef37e7708521be41db5565004258ca76945ad74a8e998c30af8d",
                "sha256:7df5608bc38bd37ef585ae9c38c9cd46d7c81498f086915b0f97255ea60c2818",
                "sha256:806abdd8249ba3953c33742506fe414880bad78ac25cc9a9b1c6ae97bedd573f",
                "sha256:883f216eac8712b83a63f41b76ddfb7b2afab1b74abbb413c5df6680f071a6b9",
                "sha256:912e3812a1dbbc834da2b32299b124b5ddcb664ed354916fd1ed6f193f0e2d01",
                "sha256:937bdc5a7f5343d1c97dc98149a0be7eb9704e937fe3dc7140e229ae4fc572a7",
                "sha256:9882a7451c680c12f232a422730f986a1fcd808da0fd428f08b671237237d651",
                "sha256:9a92109192b360634a4489c0c756364c0c3a2992906752165ecb50544c251312",
                "sha256:9d7bc666bd8c5a4225e7ac71f2f9d12466ec555e89092728ea0f5c0c2422ea80",
                "sha256:a5f63b5a68daedc54c7c3464508d8c12075e56dcfbd42f8c1bf40169061ae666",
                "sha256:a646e48de237d860c36e0db37ecaecaa3619e6f3e9d5319e527ccbc8151df061",
                "sha256:a89b8312d51715b510a4fe9fc13686283f376cfd5abca8cd1c65e4c76e21081b",
                "sha256:a92386125e9ee90381c3369f57a2a50fa9e6aa8b1cf1d9c4b200d41a7dd8e992",
                "sha256:ae88931f93214777c7a3aa0a8f92a683f83ecde27f65a45f95f22d289a69e593",
                "sha256:afc8eef765d948543a4775f00b7b8c079b3321d6b675dde0d02afa2ee23000b4",
                "sha256:b0eb01ca85b2361b09480784a7931fc648ed8b7836f01fb9241141b968feb1db",
                "sha256:b1c25762197144e211efb5f4e8ad656f36c8d214d390585d1d21281f46d556ba",
                "sha256:b4005fee46ed9be0b8fb42be0c20e79411533d1fd58edabebc0dd24626882cfd",
                "sha256:b920e4d028f6442bea9a75b7491c063f0b9a3972520731ed26c83e254302eb1e",
                "sha256:baada14941c83079bf84c037e2d8b7506ce201e92e3d2fa0d1303507a8538212",
                "sha256:bb40c011447712d2e19cc261c82655f75f32cb724788df315ed992a4d65696bb",
                "sha256:c0949b55eb607898e28eaccb525ab104b2d86542a85c74baf3a6dc24002edec2",
                "sha256:c9aeea7b63edb7884b031a35305629a7593272b54f429a9869a4f63a1bf04c34",
                "sha256:cfe96560c6ce2f4c07d6647af2d0f3c54cc33289894ebd88cfbb3bcd5391e256",
                "sha256:d27b5997bdd2eb9fb199982bb7eb6164db0426904020dc38c10203187ae2ff2f",
                "sha256:d921bc90b1defa55c9917ca6b6b71430e4286fc9e44c55ead78ca1a9f9eba5f2",
                "sha256:e6bf8de6c36ed96c86ea3b6e1d5273c53f46ef518a062464cd7ef5dd2cf92e38",
                "sha256:eaed6977fa73408b7b8a24e8b14e59e1668cfc0f4c40193ea7ced8e210adf996",
                "sha256:fa1d323703cfdac2036af05191b969b910d8f115cf53093125e4058f62012c9a",
                "sha256:fe1e26e1ffc38be097f0ba1d0d07fcade2bcfd1d023cda5b29935ae8052bd793"
            ],
            "index": "pypi",
            "markers": "python_version >= '3.8'",
            "version": "==10.1.0"
        },
        "psycopg2": {
            "hashes": [
                "sha256:121081ea2e76729acfb0673ff33755e8703d45e926e416cb59bae3a86c6a4981",
                "sha256:38a8dcc6856f569068b47de286b472b7c473ac7977243593a288ebce0dc89516",
                "sha256:426f9f29bde126913a20a96ff8ce7d73fd8a216cfb323b1f04da402d452853c3",
                "sha256:5e0d98cade4f0e0304d7d6f25bbfbc5bd186e07b38eac65379309c4ca3193efa",
                "sha256:7e2dacf8b009a1c1e843b5213a87f7c544b2b042476ed7755be813eaf4e8347a",
                "sha256:a7653d00b732afb6fc597e29c50ad28087dcb4fbfb28e86092277a559ae4e693",
                "sha256:ade01303ccf7ae12c356a5e10911c9e1c51136003a9a1d92f7aa9d010fb98372",
                "sha256:bac58c024c9922c23550af2a581998624d6e02350f4ae9c5f0bc642c633a2d5e",
                "sha256:c92811b2d4c9b6ea0285942b2e7cac98a59e166d59c588fe5cfe1eda58e72d59",
                "sha256:d1454bde93fb1e224166811694d600e746430c006fbb031ea06ecc2ea41bf156",
                "sha256:d735786acc7dd25815e89cc4ad529a43af779db2e25aa7c626de864127e5a024",
                "sha256:de80739447af31525feddeb8effd640782cf5998e1a4e9192ebdf829717e3913",
                "sha256:ff432630e510709564c01dafdbe996cb552e0b9f3f065eb89bdce5bd31fabf4c"
            ],
            "index": "pypi",
            "markers": "python_version >= '3.7'",
            "version": "==2.9.9"
        },
        "pygments": {
            "hashes": [
                "sha256:b27c2826c47d0f3219f29554824c30c5e8945175d888647acd804ddd04af846c",
                "sha256:da46cec9fd2de5be3a8a784f434e4c4ab670b4ff54d605c4c2717e9d49c4c367"
            ],
            "index": "pypi",
            "markers": "python_version >= '3.7'",
            "version": "==2.17.2"
        },
        "pyjwt": {
            "hashes": [
                "sha256:57e28d156e3d5c10088e0c68abb90bfac3df82b40a71bd0daa20c65ccd5c23de",
                "sha256:59127c392cc44c2da5bb3192169a91f429924e17aff6534d70fdc02ab3e04320"
            ],
            "markers": "python_version >= '3.7'",
            "version": "==2.8.0"
        },
        "pymongo": {
            "extras": [
                "srv"
            ],
            "hashes": [
                "sha256:014e7049dd019a6663747ca7dae328943e14f7261f7c1381045dfc26a04fa330",
                "sha256:055f5c266e2767a88bb585d01137d9c7f778b0195d3dbf4a487ef0638be9b651",
                "sha256:05c30fd35cc97f14f354916b45feea535d59060ef867446b5c3c7f9b609dd5dc",
                "sha256:0634994b026336195778e5693583c060418d4ab453eff21530422690a97e1ee8",
                "sha256:09c7de516b08c57647176b9fc21d929d628e35bcebc7422220c89ae40b62126a",
                "sha256:107a234dc55affc5802acb3b6d83cbb8c87355b38a9457fcd8806bdeb8bce161",
                "sha256:10a379fb60f1b2406ae57b8899bacfe20567918c8e9d2d545e1b93628fcf2050",
                "sha256:128b1485753106c54af481789cdfea12b90a228afca0b11fb3828309a907e10e",
                "sha256:1394c4737b325166a65ae7c145af1ebdb9fb153ebedd37cf91d676313e4a67b8",
                "sha256:1c63e3a2e8fb815c4b1f738c284a4579897e37c3cfd95fdb199229a1ccfb638a",
                "sha256:1e4ed21029d80c4f62605ab16398fe1ce093fff4b5f22d114055e7d9fbc4adb0",
                "sha256:1ec71ac633b126c0775ed4604ca8f56c3540f5c21a1220639f299e7a544b55f9",
                "sha256:21812453354b151200034750cd30b0140e82ec2a01fd4357390f67714a1bfbde",
                "sha256:256c503a75bd71cf7fb9ebf889e7e222d49c6036a48aad5a619f98a0adf0e0d7",
                "sha256:2703a9f8f5767986b4f51c259ff452cc837c5a83c8ed5f5361f6e49933743b2f",
                "sha256:288c21ab9531b037f7efa4e467b33176bc73a0c27223c141b822ab4a0e66ff2a",
                "sha256:2972dd1f1285866aba027eff2f4a2bbf8aa98563c2ced14cb34ee5602b36afdf",
                "sha256:2973f113e079fb98515722cd728e1820282721ec9fd52830e4b73cabdbf1eb28",
                "sha256:2ca0ba501898b2ec31e6c3acf90c31910944f01d454ad8e489213a156ccf1bda",
                "sha256:2d2be5c9c3488fa8a70f83ed925940f488eac2837a996708d98a0e54a861f212",
                "sha256:2f8c04277d879146eacda920476e93d520eff8bec6c022ac108cfa6280d84348",
                "sha256:325701ae7b56daa5b0692305b7cb505ca50f80a1288abb32ff420a8a209b01ca",
                "sha256:3729b8db02063da50eeb3db88a27670d85953afb9a7f14c213ac9e3dca93034b",
                "sha256:3919708594b86d0f5cdc713eb6fccd3f9b9532af09ea7a5d843c933825ef56c4",
                "sha256:39a1cd5d383b37285641d5a7a86be85274466ae336a61b51117155936529f9b3",
                "sha256:3ec6c20385c5a58e16b1ea60c5e4993ea060540671d7d12664f385f2fb32fe79",
                "sha256:47aa128be2e66abd9d1a9b0437c62499d812d291f17b55185cb4aa33a5f710a4",
                "sha256:49f2af6cf82509b15093ce3569229e0d53c90ad8ae2eef940652d4cf1f81e045",
                "sha256:4a0269811661ba93c472c8a60ea82640e838c2eb148d252720a09b5123f2c2fe",
                "sha256:518c90bdd6e842c446d01a766b9136fec5ec6cc94f3b8c3f8b4a332786ee6b64",
                "sha256:5717a308a703dda2886a5796a07489c698b442f5e409cf7dc2ac93de8d61d764",
                "sha256:5802acc012bbb4bce4dff92973dff76482f30ef35dd4cb8ab5b0e06aa8f08c80",
                "sha256:5e63146dbdb1eac207464f6e0cfcdb640c9c5ff0f57b754fa96fe252314a1dc6",
                "sha256:6695d7136a435c1305b261a9ddb9b3ecec9863e05aab3935b96038145fd3a977",
                "sha256:680fa0fc719e1a3dcb81130858368f51d83667d431924d0bcf249644bce8f303",
                "sha256:6b18276f14b4b6d92e707ab6db19b938e112bd2f1dc3f9f1a628df58e4fd3f0d",
                "sha256:6bafea6061d63059d8bc2ffc545e2f049221c8a4457d236c5cd6a66678673eab",
                "sha256:6d6a1b1361f118e7fefa17ae3114e77f10ee1b228b20d50c47c9f351346180c8",
                "sha256:747c84f4e690fbe6999c90ac97246c95d31460d890510e4a3fa61b7d2b87aa34",
                "sha256:79f41576b3022c2fe9780ae3e44202b2438128a25284a8ddfa038f0785d87019",
                "sha256:7b0e6361754ac596cd16bfc6ed49f69ffcd9b60b7bc4bcd3ea65c6a83475e4ff",
                "sha256:7e3b0127b260d4abae7b62203c4c7ef0874c901b55155692353db19de4b18bc4",
                "sha256:7fc2bb8a74dcfcdd32f89528e38dcbf70a3a6594963d60dc9595e3b35b66e414",
                "sha256:806e094e9e85d8badc978af8c95b69c556077f11844655cb8cd2d1758769e521",
                "sha256:81dd1308bd5630d2bb5980f00aa163b986b133f1e9ed66c66ce2a5bc3572e891",
                "sha256:82e620842e12e8cb4050d2643a81c8149361cd82c0a920fa5a15dc4ca8a4000f",
                "sha256:85f2cdc400ee87f5952ebf2a117488f2525a3fb2e23863a8efe3e4ee9e54e4d1",
                "sha256:8ab6bcc8e424e07c1d4ba6df96f7fb963bcb48f590b9456de9ebd03b88084fe8",
                "sha256:8adf014f2779992eba3b513e060d06f075f0ab2fb3ad956f413a102312f65cdf",
                "sha256:9b0f98481ad5dc4cb430a60bbb8869f05505283b9ae1c62bdb65eb5e020ee8e3",
                "sha256:9bea9138b0fc6e2218147e9c6ce1ff76ff8e29dc00bb1b64842bd1ca107aee9f",
                "sha256:a09bfb51953930e7e838972ddf646c5d5f984992a66d79da6ba7f6a8d8a890cd",
                "sha256:a0be99b599da95b7a90a918dd927b20c434bea5e1c9b3efc6a3c6cd67c23f813",
                "sha256:a49aca4d961823b2846b739380c847e8964ff7ae0f0a683992b9d926054f0d6d",
                "sha256:a4dc1319d0c162919ee7f4ee6face076becae2abbd351cc14f1fe70af5fb20d9",
                "sha256:a8273e1abbcff1d7d29cbbb1ea7e57d38be72f1af3c597c854168508b91516c2",
                "sha256:a8f7f9feecae53fa18d6a3ea7c75f9e9a1d4d20e5c3f9ce3fba83f07bcc4eee2",
                "sha256:ad4f66fbb893b55f96f03020e67dcab49ffde0177c6565ccf9dec4fdf974eb61",
                "sha256:af425f323fce1b07755edd783581e7283557296946212f5b1a934441718e7528",
                "sha256:b14dd73f595199f4275bed4fb509277470d9b9059310537e3b3daba12b30c157",
                "sha256:b4ad70d7cac4ca0c7b31444a0148bd3af01a2662fa12b1ad6f57cd4a04e21766",
                "sha256:b80a4ee19b3442c57c38afa978adca546521a8822d663310b63ae2a7d7b13f3a",
                "sha256:ba51129fcc510824b6ca6e2ce1c27e3e4d048b6e35d3ae6f7e517bed1b8b25ce",
                "sha256:c011bd5ad03cc096f99ffcfdd18a1817354132c1331bed7a837a25226659845f",
                "sha256:cc94f9fea17a5af8cf1a343597711a26b0117c0b812550d99934acb89d526ed2",
                "sha256:ccd785fafa1c931deff6a7116e9a0d402d59fabe51644b0d0c268295ff847b25",
                "sha256:d16a534da0e39785687b7295e2fcf9a339f4a20689024983d11afaa4657f8507",
                "sha256:d3077a31633beef77d057c6523f5de7271ddef7bde5e019285b00c0cc9cac1e3",
                "sha256:d603edea1ff7408638b2504905c032193b7dcee7af269802dbb35bc8c3310ed5",
                "sha256:db082f728160369d9a6ed2e722438291558fc15ce06d0a7d696a8dad735c236b",
                "sha256:ddef295aaf80cefb0c1606f1995899efcb17edc6b327eb6589e234e614b87756",
                "sha256:e16ade71c93f6814d095d25cd6d28a90d63511ea396bd96e9ffcb886b278baaa",
                "sha256:e3db7d833a7c38c317dc95b54e27f1d27012e031b45a7c24e360b53197d5f6e7",
                "sha256:e5e193f89f4f8c1fe273f9a6e6df915092c9f2af6db2d1afb8bd53855025c11f",
                "sha256:eb438a8bf6b695bf50d57e6a059ff09652a07968b2041178b3744ea785fcef9b",
                "sha256:ebf02c32afa6b67e5861a27183dd98ed88419a94a2ab843cc145fb0bafcc5b28",
                "sha256:ecd9e1fa97aa11bf67472220285775fa15e896da108f425e55d23d7540a712ce",
                "sha256:ef67fedd863ffffd4adfd46d9d992b0f929c7f61a8307366d664d93517f2c78e",
                "sha256:f28ae33dc5a0b9cee06e95fd420e42155d83271ab75964baf747ce959cac5f52",
                "sha256:fb1c56d891f9e34303c451998ef62ba52659648bb0d75b03c5e4ac223a3342c2",
                "sha256:fe03bf25fae4b95d8afe40004a321df644400fdcba4c8e5e1a19c1085b740888"
            ],
            "markers": "python_version >= '3.7'",
            "version": "==4.6.0"
        },
        "python-dotenv": {
            "hashes": [
                "sha256:a8df96034aae6d2d50a4ebe8216326c61c3eb64836776504fcca410e5937a3ba",
                "sha256:f5971a9226b701070a4bf2c38c89e5a3f0d64de8debda981d1db98583009122a"
            ],
            "index": "pypi",
            "markers": "python_version >= '3.8'",
            "version": "==1.0.0"
        },
        "pytz": {
            "hashes": [
                "sha256:7b4fddbeb94a1eba4b557da24f19fdf9db575192544270a9101d8509f9f43d7b",
                "sha256:ce42d816b81b68506614c11e8937d3aa9e41007ceb50bfdcb0749b921bf646c7"
            ],
            "version": "==2023.3.post1"
        },
        "setuptools": {
            "hashes": [
                "sha256:1e8fdff6797d3865f37397be788a4e3cba233608e9b509382a2777d25ebde7f2",
                "sha256:735896e78a4742605974de002ac60562d286fa8051a7e2299445e8e8fbb01aa6"
            ],
            "index": "pypi",
            "markers": "python_version >= '3.8'",
            "version": "==69.0.2"
        },
        "sqlparse": {
            "hashes": [
                "sha256:5430a4fe2ac7d0f93e66f1efc6e1338a41884b7ddf2a350cedd20ccc4d9d28f3",
                "sha256:d446183e84b8349fa3061f0fe7f06ca94ba65b426946ffebe6e3e8295332420c"
            ],
            "markers": "python_version >= '3.5'",
            "version": "==0.4.4"
        },
        "timedelta": {
            "hashes": [
                "sha256:41c28b314de9cb6e4c95fcc9f4e3ecee435f2fc821a079cd9243be4783ac4cf4"
            ],
            "index": "pypi",
            "version": "==2020.12.3"
        },
        "tzdata": {
            "hashes": [
                "sha256:11ef1e08e54acb0d4f95bdb1be05da659673de4acbd21bf9c69e94cc5e907a3a",
                "sha256:7e65763eef3120314099b6939b5546db7adce1e7d6f2e179e3df563c70511eda"
            ],
            "markers": "sys_platform == 'win32'",
            "version": "==2023.3"
        }
    },
    "develop": {}
}
