{
    "_meta": {
        "hash": {
            "sha256": "11923ccf9016fe22cd836043db1fbe3d0dc80d6708a7095577965ec8bc36759c"
        },
        "pipfile-spec": 6,
        "requires": {
            "python_version": "*"
        },
        "sources": [
            {
                "name": "pypi",
                "url": "https://pypi.org/simple",
                "verify_ssl": true
            }
        ]
    },
    "default": {
        "annotated-types": {
            "hashes": [
                "sha256:0641064de18ba7a25dee8f96403ebc39113d0cb953a01429249d5c7564666a43",
                "sha256:563339e807e53ffd9c267e99fc6d9ea23eb8443c08f112651963e24e22f84a5d"
            ],
            "markers": "python_version >= '3.8'",
            "version": "==0.6.0"
        },
        "anyio": {
            "hashes": [
                "sha256:745843b39e829e108e518c489b31dc757de7d2131d53fac32bd8df268227bfee",
                "sha256:e1875bb4b4e2de1669f4bc7869b6d3f54231cdced71605e6e64c9be77e3be50f"
            ],
            "markers": "python_version >= '3.8'",
            "version": "==4.2.0"
        },
        "asgiref": {
            "hashes": [
                "sha256:89b2ef2247e3b562a16eef663bc0e2e703ec6468e2fa8a5cd61cd449786d4f6e",
                "sha256:9e0ce3aa93a819ba5b45120216b23878cf6e8525eb3848653452b4192b92afed"
            ],
            "markers": "python_version >= '3.7'",
            "version": "==3.7.2"
        },
        "certifi": {
            "hashes": [
                "sha256:9b469f3a900bf28dc19b8cfbf8019bf47f7fdd1a65a1d4ffb98fc14166beb4d1",
                "sha256:e036ab49d5b79556f99cfc2d9320b34cfbe5be05c5871b51de9329f0603b0474"
            ],
            "markers": "python_version >= '3.6'",
            "version": "==2023.11.17"
        },
        "deprecation": {
            "hashes": [
                "sha256:72b3bde64e5d778694b0cf68178aed03d15e15477116add3fb773e581f9518ff",
                "sha256:a10811591210e1fb0e768a8c25517cabeabcba6f0bf96564f8ff45189f90b14a"
            ],
            "version": "==2.1.0"
        },
        "django": {
            "hashes": [
                "sha256:3a9fd52b8dbeae335ddf4a9dfa6c6a0853a1122f1fb071a8d5eca979f73a05c8",
                "sha256:7d29e14dfbc19cb6a95a4bd669edbde11f5d4c6a71fdaa42c2d40b6846e807f7"
            ],
            "index": "pypi",
            "markers": "python_version >= '3.10'",
            "version": "==5.0"
        },
        "django-filter": {
            "hashes": [
                "sha256:67583aa43b91fe8c49f74a832d95f4d8442be628fd4c6d65e9f811f5153a4e5c",
                "sha256:99122a201d83860aef4fe77758b69dda913e874cc5e0eaa50a86b0b18d708400"
            ],
            "index": "pypi",
            "markers": "python_version >= '3.7'",
            "version": "==23.5"
        },
        "djangorestframework": {
            "hashes": [
                "sha256:579a333e6256b09489cbe0a067e66abe55c6595d8926be6b99423786334350c8",
                "sha256:eb63f58c9f218e1a7d064d17a70751f528ed4e1d35547fdade9aaf4cd103fd08"
            ],
            "index": "pypi",
            "markers": "python_version >= '3.6'",
            "version": "==3.14.0"
        },
        "djangorestframework-camel-case": {
            "hashes": [
                "sha256:cdae75846648abb6585c7470639a1d2fb064dc45f8e8b62aaa50be7f1a7a61f4"
            ],
            "index": "pypi",
            "markers": "python_version >= '3.5'",
            "version": "==1.4.2"
        },
        "djangorestframework-simplejwt": {
            "hashes": [
                "sha256:381bc966aa46913905629d472cd72ad45faa265509764e20ffd440164c88d220",
                "sha256:6c4bd37537440bc439564ebf7d6085e74c5411485197073f508ebdfa34bc9fae"
            ],
            "index": "pypi",
            "markers": "python_version >= '3.8'",
            "version": "==5.3.1"
        },
        "dnspython": {
            "hashes": [
                "sha256:57c6fbaaeaaf39c891292012060beb141791735dbb4004798328fc2c467402d8",
                "sha256:8dcfae8c7460a2f84b4072e26f1c9f4101ca20c071649cb7c34e8b6a93d58984"
            ],
            "markers": "python_version >= '3.8' and python_version < '4.0'",
            "version": "==2.4.2"
        },
        "gotrue": {
            "hashes": [
                "sha256:6483d9a3ac9be1d1ad510be24171e133aa1cec702cc10a8f323b9e7519642447",
                "sha256:b21d48ee64f0f6a1ed111efe4871a83e542529f1a75a264833b50e6433cd3c98"
            ],
            "markers": "python_version >= '3.8' and python_version < '4.0'",
            "version": "==2.1.0"
        },
        "gunicorn": {
            "hashes": [
                "sha256:3213aa5e8c24949e792bcacfc176fef362e7aac80b76c56f6b5122bf350722f0",
                "sha256:88ec8bff1d634f98e61b9f65bc4bf3cd918a90806c6f5c48bc5603849ec81033"
            ],
            "index": "pypi",
            "markers": "python_version >= '3.5'",
            "version": "==21.2.0"
        },
        "h11": {
            "hashes": [
                "sha256:8f19fbbe99e72420ff35c00b27a34cb9937e902a8b810e2c88300c6f0a3b699d",
                "sha256:e3fe4ac4b851c468cc8363d500db52c2ead036020723024a109d37346efaa761"
            ],
            "markers": "python_version >= '3.7'",
            "version": "==0.14.0"
        },
        "httpcore": {
            "hashes": [
                "sha256:a6f30213335e34c1ade7be6ec7c47f19f50c56db36abef1a9dfa3815b1cb3888",
                "sha256:c2789b767ddddfa2a5782e3199b2b7f6894540b17b16ec26b2c4d8e103510b87"
            ],
            "markers": "python_version >= '3.7'",
            "version": "==0.17.3"
        },
        "httpx": {
            "hashes": [
                "sha256:06781eb9ac53cde990577af654bd990a4949de37a28bdb4a230d434f3a30b9bd",
                "sha256:5853a43053df830c20f8110c5e69fe44d035d850b2dfe795e196f00fdb774bdd"
            ],
            "markers": "python_version >= '3.7'",
            "version": "==0.24.1"
        },
        "idna": {
            "hashes": [
                "sha256:9ecdbbd083b06798ae1e86adcbfe8ab1479cf864e4ee30fe4e46a003d12491ca",
                "sha256:c05567e9c24a6b9faaa835c4821bad0590fbb9d5779e7caa6e1cc4978e7eb24f"
            ],
            "markers": "python_version >= '3.5'",
            "version": "==3.6"
        },
        "packaging": {
            "hashes": [
                "sha256:048fb0e9405036518eaaf48a55953c750c11e1a1b68e0dd1a9d62ed0c092cfc5",
                "sha256:8c491190033a9af7e1d931d0b5dacc2ef47509b34dd0de67ed209b5203fc88c7"
            ],
            "markers": "python_version >= '3.7'",
            "version": "==23.2"
        },
        "pillow": {
            "hashes": [
                "sha256:00f438bb841382b15d7deb9a05cc946ee0f2c352653c7aa659e75e592f6fa17d",
                "sha256:0248f86b3ea061e67817c47ecbe82c23f9dd5d5226200eb9090b3873d3ca32de",
                "sha256:04f6f6149f266a100374ca3cc368b67fb27c4af9f1cc8cb6306d849dcdf12616",
                "sha256:062a1610e3bc258bff2328ec43f34244fcec972ee0717200cb1425214fe5b839",
                "sha256:0a026c188be3b443916179f5d04548092e253beb0c3e2ee0a4e2cdad72f66099",
                "sha256:0f7c276c05a9767e877a0b4c5050c8bee6a6d960d7f0c11ebda6b99746068c2a",
                "sha256:1a8413794b4ad9719346cd9306118450b7b00d9a15846451549314a58ac42219",
                "sha256:1ab05f3db77e98f93964697c8efc49c7954b08dd61cff526b7f2531a22410106",
                "sha256:1c3ac5423c8c1da5928aa12c6e258921956757d976405e9467c5f39d1d577a4b",
                "sha256:1c41d960babf951e01a49c9746f92c5a7e0d939d1652d7ba30f6b3090f27e412",
                "sha256:1fafabe50a6977ac70dfe829b2d5735fd54e190ab55259ec8aea4aaea412fa0b",
                "sha256:1fb29c07478e6c06a46b867e43b0bcdb241b44cc52be9bc25ce5944eed4648e7",
                "sha256:24fadc71218ad2b8ffe437b54876c9382b4a29e030a05a9879f615091f42ffc2",
                "sha256:2cdc65a46e74514ce742c2013cd4a2d12e8553e3a2563c64879f7c7e4d28bce7",
                "sha256:2ef6721c97894a7aa77723740a09547197533146fba8355e86d6d9a4a1056b14",
                "sha256:3b834f4b16173e5b92ab6566f0473bfb09f939ba14b23b8da1f54fa63e4b623f",
                "sha256:3d929a19f5469b3f4df33a3df2983db070ebb2088a1e145e18facbc28cae5b27",
                "sha256:41f67248d92a5e0a2076d3517d8d4b1e41a97e2df10eb8f93106c89107f38b57",
                "sha256:47e5bf85b80abc03be7455c95b6d6e4896a62f6541c1f2ce77a7d2bb832af262",
                "sha256:4d0152565c6aa6ebbfb1e5d8624140a440f2b99bf7afaafbdbf6430426497f28",
                "sha256:50d08cd0a2ecd2a8657bd3d82c71efd5a58edb04d9308185d66c3a5a5bed9610",
                "sha256:61f1a9d247317fa08a308daaa8ee7b3f760ab1809ca2da14ecc88ae4257d6172",
                "sha256:6932a7652464746fcb484f7fc3618e6503d2066d853f68a4bd97193a3996e273",
                "sha256:7a7e3daa202beb61821c06d2517428e8e7c1aab08943e92ec9e5755c2fc9ba5e",
                "sha256:7dbaa3c7de82ef37e7708521be41db5565004258ca76945ad74a8e998c30af8d",
                "sha256:7df5608bc38bd37ef585ae9c38c9cd46d7c81498f086915b0f97255ea60c2818",
                "sha256:806abdd8249ba3953c33742506fe414880bad78ac25cc9a9b1c6ae97bedd573f",
                "sha256:883f216eac8712b83a63f41b76ddfb7b2afab1b74abbb413c5df6680f071a6b9",
                "sha256:912e3812a1dbbc834da2b32299b124b5ddcb664ed354916fd1ed6f193f0e2d01",
                "sha256:937bdc5a7f5343d1c97dc98149a0be7eb9704e937fe3dc7140e229ae4fc572a7",
                "sha256:9882a7451c680c12f232a422730f986a1fcd808da0fd428f08b671237237d651",
                "sha256:9a92109192b360634a4489c0c756364c0c3a2992906752165ecb50544c251312",
                "sha256:9d7bc666bd8c5a4225e7ac71f2f9d12466ec555e89092728ea0f5c0c2422ea80",
                "sha256:a5f63b5a68daedc54c7c3464508d8c12075e56dcfbd42f8c1bf40169061ae666",
                "sha256:a646e48de237d860c36e0db37ecaecaa3619e6f3e9d5319e527ccbc8151df061",
                "sha256:a89b8312d51715b510a4fe9fc13686283f376cfd5abca8cd1c65e4c76e21081b",
                "sha256:a92386125e9ee90381c3369f57a2a50fa9e6aa8b1cf1d9c4b200d41a7dd8e992",
                "sha256:ae88931f93214777c7a3aa0a8f92a683f83ecde27f65a45f95f22d289a69e593",
                "sha256:afc8eef765d948543a4775f00b7b8c079b3321d6b675dde0d02afa2ee23000b4",
                "sha256:b0eb01ca85b2361b09480784a7931fc648ed8b7836f01fb9241141b968feb1db",
                "sha256:b1c25762197144e211efb5f4e8ad656f36c8d214d390585d1d21281f46d556ba",
                "sha256:b4005fee46ed9be0b8fb42be0c20e79411533d1fd58edabebc0dd24626882cfd",
                "sha256:b920e4d028f6442bea9a75b7491c063f0b9a3972520731ed26c83e254302eb1e",
                "sha256:baada14941c83079bf84c037e2d8b7506ce201e92e3d2fa0d1303507a8538212",
                "sha256:bb40c011447712d2e19cc261c82655f75f32cb724788df315ed992a4d65696bb",
                "sha256:c0949b55eb607898e28eaccb525ab104b2d86542a85c74baf3a6dc24002edec2",
                "sha256:c9aeea7b63edb7884b031a35305629a7593272b54f429a9869a4f63a1bf04c34",
                "sha256:cfe96560c6ce2f4c07d6647af2d0f3c54cc33289894ebd88cfbb3bcd5391e256",
                "sha256:d27b5997bdd2eb9fb199982bb7eb6164db0426904020dc38c10203187ae2ff2f",
                "sha256:d921bc90b1defa55c9917ca6b6b71430e4286fc9e44c55ead78ca1a9f9eba5f2",
                "sha256:e6bf8de6c36ed96c86ea3b6e1d5273c53f46ef518a062464cd7ef5dd2cf92e38",
                "sha256:eaed6977fa73408b7b8a24e8b14e59e1668cfc0f4c40193ea7ced8e210adf996",
                "sha256:fa1d323703cfdac2036af05191b969b910d8f115cf53093125e4058f62012c9a",
                "sha256:fe1e26e1ffc38be097f0ba1d0d07fcade2bcfd1d023cda5b29935ae8052bd793"
            ],
            "index": "pypi",
            "markers": "python_version >= '3.8'",
            "version": "==10.1.0"
        },
        "postgrest": {
            "hashes": [
                "sha256:13d3c13bea10d1d47e7fbb9ca90beba19181197877dccf750f5f666fa28fe910",
                "sha256:30aa8b2826db540705ba9896422fd7ad3751cebc4f884f15fffcad5032218647"
            ],
            "markers": "python_version >= '3.8' and python_version < '4.0'",
            "version": "==0.13.0"
        },
        "psycopg2": {
            "hashes": [
                "sha256:121081ea2e76729acfb0673ff33755e8703d45e926e416cb59bae3a86c6a4981",
                "sha256:38a8dcc6856f569068b47de286b472b7c473ac7977243593a288ebce0dc89516",
                "sha256:426f9f29bde126913a20a96ff8ce7d73fd8a216cfb323b1f04da402d452853c3",
                "sha256:5e0d98cade4f0e0304d7d6f25bbfbc5bd186e07b38eac65379309c4ca3193efa",
                "sha256:7e2dacf8b009a1c1e843b5213a87f7c544b2b042476ed7755be813eaf4e8347a",
                "sha256:a7653d00b732afb6fc597e29c50ad28087dcb4fbfb28e86092277a559ae4e693",
                "sha256:ade01303ccf7ae12c356a5e10911c9e1c51136003a9a1d92f7aa9d010fb98372",
                "sha256:bac58c024c9922c23550af2a581998624d6e02350f4ae9c5f0bc642c633a2d5e",
                "sha256:c92811b2d4c9b6ea0285942b2e7cac98a59e166d59c588fe5cfe1eda58e72d59",
                "sha256:d1454bde93fb1e224166811694d600e746430c006fbb031ea06ecc2ea41bf156",
                "sha256:d735786acc7dd25815e89cc4ad529a43af779db2e25aa7c626de864127e5a024",
                "sha256:de80739447af31525feddeb8effd640782cf5998e1a4e9192ebdf829717e3913",
                "sha256:ff432630e510709564c01dafdbe996cb552e0b9f3f065eb89bdce5bd31fabf4c"
            ],
            "index": "pypi",
            "markers": "python_version >= '3.7'",
            "version": "==2.9.9"
        },
        "pydantic": {
            "hashes": [
                "sha256:b3ef57c62535b0941697cce638c08900d87fcb67e29cfa99e8a68f747f393f7a",
                "sha256:d0caf5954bee831b6bfe7e338c32b9e30c85dfe080c843680783ac2b631673b4"
            ],
            "markers": "python_version >= '3.7'",
            "version": "==2.5.3"
        },
        "pydantic-core": {
            "hashes": [
                "sha256:00646784f6cd993b1e1c0e7b0fdcbccc375d539db95555477771c27555e3c556",
                "sha256:00b1087dabcee0b0ffd104f9f53d7d3eaddfaa314cdd6726143af6bc713aa27e",
                "sha256:0348b1dc6b76041516e8a854ff95b21c55f5a411c3297d2ca52f5528e49d8411",
                "sha256:036137b5ad0cb0004c75b579445a1efccd072387a36c7f217bb8efd1afbe5245",
                "sha256:095b707bb287bfd534044166ab767bec70a9bba3175dcdc3371782175c14e43c",
                "sha256:0c08de15d50fa190d577e8591f0329a643eeaed696d7771760295998aca6bc66",
                "sha256:1302a54f87b5cd8528e4d6d1bf2133b6aa7c6122ff8e9dc5220fbc1e07bffebd",
                "sha256:172de779e2a153d36ee690dbc49c6db568d7b33b18dc56b69a7514aecbcf380d",
                "sha256:1b027c86c66b8627eb90e57aee1f526df77dc6d8b354ec498be9a757d513b92b",
                "sha256:1ce830e480f6774608dedfd4a90c42aac4a7af0a711f1b52f807130c2e434c06",
                "sha256:1fd0c1d395372843fba13a51c28e3bb9d59bd7aebfeb17358ffaaa1e4dbbe948",
                "sha256:23598acb8ccaa3d1d875ef3b35cb6376535095e9405d91a3d57a8c7db5d29341",
                "sha256:24368e31be2c88bd69340fbfe741b405302993242ccb476c5c3ff48aeee1afe0",
                "sha256:26a92ae76f75d1915806b77cf459811e772d8f71fd1e4339c99750f0e7f6324f",
                "sha256:27e524624eace5c59af499cd97dc18bb201dc6a7a2da24bfc66ef151c69a5f2a",
                "sha256:2b8719037e570639e6b665a4050add43134d80b687288ba3ade18b22bbb29dd2",
                "sha256:2c5bcf3414367e29f83fd66f7de64509a8fd2368b1edf4351e862910727d3e51",
                "sha256:2dbe357bc4ddda078f79d2a36fc1dd0494a7f2fad83a0a684465b6f24b46fe80",
                "sha256:2f5fa187bde8524b1e37ba894db13aadd64faa884657473b03a019f625cee9a8",
                "sha256:2f6ffc6701a0eb28648c845f4945a194dc7ab3c651f535b81793251e1185ac3d",
                "sha256:314ccc4264ce7d854941231cf71b592e30d8d368a71e50197c905874feacc8a8",
                "sha256:36026d8f99c58d7044413e1b819a67ca0e0b8ebe0f25e775e6c3d1fabb3c38fb",
                "sha256:36099c69f6b14fc2c49d7996cbf4f87ec4f0e66d1c74aa05228583225a07b590",
                "sha256:36fa402dcdc8ea7f1b0ddcf0df4254cc6b2e08f8cd80e7010d4c4ae6e86b2a87",
                "sha256:370ffecb5316ed23b667d99ce4debe53ea664b99cc37bfa2af47bc769056d534",
                "sha256:3860c62057acd95cc84044e758e47b18dcd8871a328ebc8ccdefd18b0d26a21b",
                "sha256:399ac0891c284fa8eb998bcfa323f2234858f5d2efca3950ae58c8f88830f145",
                "sha256:3a0b5db001b98e1c649dd55afa928e75aa4087e587b9524a4992316fa23c9fba",
                "sha256:3dcf1978be02153c6a31692d4fbcc2a3f1db9da36039ead23173bc256ee3b91b",
                "sha256:4241204e4b36ab5ae466ecec5c4c16527a054c69f99bba20f6f75232a6a534e2",
                "sha256:438027a975cc213a47c5d70672e0d29776082155cfae540c4e225716586be75e",
                "sha256:43e166ad47ba900f2542a80d83f9fc65fe99eb63ceec4debec160ae729824052",
                "sha256:478e9e7b360dfec451daafe286998d4a1eeaecf6d69c427b834ae771cad4b622",
                "sha256:4ce8299b481bcb68e5c82002b96e411796b844d72b3e92a3fbedfe8e19813eab",
                "sha256:4f86f1f318e56f5cbb282fe61eb84767aee743ebe32c7c0834690ebea50c0a6b",
                "sha256:55a23dcd98c858c0db44fc5c04fc7ed81c4b4d33c653a7c45ddaebf6563a2f66",
                "sha256:599c87d79cab2a6a2a9df4aefe0455e61e7d2aeede2f8577c1b7c0aec643ee8e",
                "sha256:5aa90562bc079c6c290f0512b21768967f9968e4cfea84ea4ff5af5d917016e4",
                "sha256:64634ccf9d671c6be242a664a33c4acf12882670b09b3f163cd00a24cffbd74e",
                "sha256:667aa2eac9cd0700af1ddb38b7b1ef246d8cf94c85637cbb03d7757ca4c3fdec",
                "sha256:6a31d98c0d69776c2576dda4b77b8e0c69ad08e8b539c25c7d0ca0dc19a50d6c",
                "sha256:6af4b3f52cc65f8a0bc8b1cd9676f8c21ef3e9132f21fed250f6958bd7223bed",
                "sha256:6c8edaea3089bf908dd27da8f5d9e395c5b4dc092dbcce9b65e7156099b4b937",
                "sha256:71d72ca5eaaa8d38c8df16b7deb1a2da4f650c41b58bb142f3fb75d5ad4a611f",
                "sha256:72f9a942d739f09cd42fffe5dc759928217649f070056f03c70df14f5770acf9",
                "sha256:747265448cb57a9f37572a488a57d873fd96bf51e5bb7edb52cfb37124516da4",
                "sha256:75ec284328b60a4e91010c1acade0c30584f28a1f345bc8f72fe8b9e46ec6a96",
                "sha256:78d0768ee59baa3de0f4adac9e3748b4b1fffc52143caebddfd5ea2961595277",
                "sha256:78ee52ecc088c61cce32b2d30a826f929e1708f7b9247dc3b921aec367dc1b23",
                "sha256:7be719e4d2ae6c314f72844ba9d69e38dff342bc360379f7c8537c48e23034b7",
                "sha256:7e1f4744eea1501404b20b0ac059ff7e3f96a97d3e3f48ce27a139e053bb370b",
                "sha256:7e90d6cc4aad2cc1f5e16ed56e46cebf4877c62403a311af20459c15da76fd91",
                "sha256:7ebe3416785f65c28f4f9441e916bfc8a54179c8dea73c23023f7086fa601c5d",
                "sha256:7f41533d7e3cf9520065f610b41ac1c76bc2161415955fbcead4981b22c7611e",
                "sha256:7f5025db12fc6de7bc1104d826d5aee1d172f9ba6ca936bf6474c2148ac336c1",
                "sha256:86c963186ca5e50d5c8287b1d1c9d3f8f024cbe343d048c5bd282aec2d8641f2",
                "sha256:86ce5fcfc3accf3a07a729779d0b86c5d0309a4764c897d86c11089be61da160",
                "sha256:8a14c192c1d724c3acbfb3f10a958c55a2638391319ce8078cb36c02283959b9",
                "sha256:8b93785eadaef932e4fe9c6e12ba67beb1b3f1e5495631419c784ab87e975670",
                "sha256:8ed1af8692bd8d2a29d702f1a2e6065416d76897d726e45a1775b1444f5928a7",
                "sha256:92879bce89f91f4b2416eba4429c7b5ca22c45ef4a499c39f0c5c69257522c7c",
                "sha256:94fc0e6621e07d1e91c44e016cc0b189b48db053061cc22d6298a611de8071bb",
                "sha256:982487f8931067a32e72d40ab6b47b1628a9c5d344be7f1a4e668fb462d2da42",
                "sha256:9862bf828112e19685b76ca499b379338fd4c5c269d897e218b2ae8fcb80139d",
                "sha256:99b14dbea2fdb563d8b5a57c9badfcd72083f6006caf8e126b491519c7d64ca8",
                "sha256:9c6a5c79b28003543db3ba67d1df336f253a87d3112dac3a51b94f7d48e4c0e1",
                "sha256:a19b794f8fe6569472ff77602437ec4430f9b2b9ec7a1105cfd2232f9ba355e6",
                "sha256:a306cdd2ad3a7d795d8e617a58c3a2ed0f76c8496fb7621b6cd514eb1532cae8",
                "sha256:a3dde6cac75e0b0902778978d3b1646ca9f438654395a362cb21d9ad34b24acf",
                "sha256:a874f21f87c485310944b2b2734cd6d318765bcbb7515eead33af9641816506e",
                "sha256:a983cca5ed1dd9a35e9e42ebf9f278d344603bfcb174ff99a5815f953925140a",
                "sha256:aca48506a9c20f68ee61c87f2008f81f8ee99f8d7f0104bff3c47e2d148f89d9",
                "sha256:b2602177668f89b38b9f84b7b3435d0a72511ddef45dc14446811759b82235a1",
                "sha256:b3e5fe4538001bb82e2295b8d2a39356a84694c97cb73a566dc36328b9f83b40",
                "sha256:b6ca36c12a5120bad343eef193cc0122928c5c7466121da7c20f41160ba00ba2",
                "sha256:b89f4477d915ea43b4ceea6756f63f0288941b6443a2b28c69004fe07fde0d0d",
                "sha256:b9a9d92f10772d2a181b5ca339dee066ab7d1c9a34ae2421b2a52556e719756f",
                "sha256:c99462ffc538717b3e60151dfaf91125f637e801f5ab008f81c402f1dff0cd0f",
                "sha256:cb92f9061657287eded380d7dc455bbf115430b3aa4741bdc662d02977e7d0af",
                "sha256:cdee837710ef6b56ebd20245b83799fce40b265b3b406e51e8ccc5b85b9099b7",
                "sha256:cf10b7d58ae4a1f07fccbf4a0a956d705356fea05fb4c70608bb6fa81d103cda",
                "sha256:d15687d7d7f40333bd8266f3814c591c2e2cd263fa2116e314f60d82086e353a",
                "sha256:d5c28525c19f5bb1e09511669bb57353d22b94cf8b65f3a8d141c389a55dec95",
                "sha256:d5f916acf8afbcab6bacbb376ba7dc61f845367901ecd5e328fc4d4aef2fcab0",
                "sha256:dab03ed811ed1c71d700ed08bde8431cf429bbe59e423394f0f4055f1ca0ea60",
                "sha256:db453f2da3f59a348f514cfbfeb042393b68720787bbef2b4c6068ea362c8149",
                "sha256:de2a0645a923ba57c5527497daf8ec5df69c6eadf869e9cd46e86349146e5975",
                "sha256:dea7fcd62915fb150cdc373212141a30037e11b761fbced340e9db3379b892d4",
                "sha256:dfcbebdb3c4b6f739a91769aea5ed615023f3c88cb70df812849aef634c25fbe",
                "sha256:dfcebb950aa7e667ec226a442722134539e77c575f6cfaa423f24371bb8d2e94",
                "sha256:e0641b506486f0b4cd1500a2a65740243e8670a2549bb02bc4556a83af84ae03",
                "sha256:e33b0834f1cf779aa839975f9d8755a7c2420510c0fa1e9fa0497de77cd35d2c",
                "sha256:e4ace1e220b078c8e48e82c081e35002038657e4b37d403ce940fa679e57113b",
                "sha256:e4cf2d5829f6963a5483ec01578ee76d329eb5caf330ecd05b3edd697e7d768a",
                "sha256:e574de99d735b3fc8364cba9912c2bec2da78775eba95cbb225ef7dda6acea24",
                "sha256:e646c0e282e960345314f42f2cea5e0b5f56938c093541ea6dbf11aec2862391",
                "sha256:e8a5ac97ea521d7bde7621d86c30e86b798cdecd985723c4ed737a2aa9e77d0c",
                "sha256:eedf97be7bc3dbc8addcef4142f4b4164066df0c6f36397ae4aaed3eb187d8ab",
                "sha256:ef633add81832f4b56d3b4c9408b43d530dfca29e68fb1b797dcb861a2c734cd",
                "sha256:f27207e8ca3e5e021e2402ba942e5b4c629718e665c81b8b306f3c8b1ddbb786",
                "sha256:f85f3843bdb1fe80e8c206fe6eed7a1caeae897e496542cee499c374a85c6e08",
                "sha256:f8e81e4b55930e5ffab4a68db1af431629cf2e4066dbdbfef65348b8ab804ea8",
                "sha256:f96ae96a060a8072ceff4cfde89d261837b4294a4f28b84a28765470d502ccc6",
                "sha256:fd9e98b408384989ea4ab60206b8e100d8687da18b5c813c11e92fd8212a98e0",
                "sha256:ffff855100bc066ff2cd3aa4a60bc9534661816b110f0243e59503ec2df38421"
            ],
            "markers": "python_version >= '3.7'",
            "version": "==2.14.6"
        },
        "pygments": {
            "hashes": [
                "sha256:b27c2826c47d0f3219f29554824c30c5e8945175d888647acd804ddd04af846c",
                "sha256:da46cec9fd2de5be3a8a784f434e4c4ab670b4ff54d605c4c2717e9d49c4c367"
            ],
            "index": "pypi",
            "markers": "python_version >= '3.7'",
            "version": "==2.17.2"
        },
        "pyjwt": {
            "hashes": [
                "sha256:57e28d156e3d5c10088e0c68abb90bfac3df82b40a71bd0daa20c65ccd5c23de",
                "sha256:59127c392cc44c2da5bb3192169a91f429924e17aff6534d70fdc02ab3e04320"
            ],
            "markers": "python_version >= '3.7'",
            "version": "==2.8.0"
        },
        "pymongo": {
            "extras": [
                "srv"
            ],
            "hashes": [
                "sha256:00c199e1c593e2c8b033136d7a08f0c376452bac8a896c923fcd6f419e07bdd2",
                "sha256:010bc9aa90fd06e5cc52c8fac2c2fd4ef1b5f990d9638548dde178005770a5e8",
                "sha256:026a24a36394dc8930cbcb1d19d5eb35205ef3c838a7e619e04bd170713972e7",
                "sha256:061598cbc6abe2f382ab64c9caa83faa2f4c51256f732cdd890bcc6e63bfb67e",
                "sha256:13552ca505366df74e3e2f0a4f27c363928f3dff0eef9f281eb81af7f29bc3c5",
                "sha256:13d613c866f9f07d51180f9a7da54ef491d130f169e999c27e7633abe8619ec9",
                "sha256:144a31391a39a390efce0c5ebcaf4bf112114af4384c90163f402cec5ede476b",
                "sha256:1461199b07903fc1424709efafe379205bf5f738144b1a50a08b0396357b5abf",
                "sha256:154b361dcb358ad377d5d40df41ee35f1cc14c8691b50511547c12404f89b5cb",
                "sha256:1c5654bb8bb2bdb10e7a0bc3c193dd8b49a960b9eebc4381ff5a2043f4c3c441",
                "sha256:1de3c6faf948f3edd4e738abdb4b76572b4f4fdfc1fed4dad02427e70c5a6219",
                "sha256:1ed23b0e2dac6f84f44c8494fbceefe6eb5c35db5c1099f56ab78fc0d94ab3af",
                "sha256:1f2b856518bfcfa316c8dae3d7b412aecacf2e8ba30b149f5eb3b63128d703b9",
                "sha256:2346450a075625c4d6166b40a013b605a38b6b6168ce2232b192a37fb200d588",
                "sha256:262356ea5fcb13d35fb2ab6009d3927bafb9504ef02339338634fffd8a9f1ae4",
                "sha256:27b81ecf18031998ad7db53b960d1347f8f29e8b7cb5ea7b4394726468e4295e",
                "sha256:2940aa20e9cc328e8ddeacea8b9a6f5ddafe0b087fedad928912e787c65b4909",
                "sha256:2d4ccac3053b84a09251da8f5350bb684cbbf8c8c01eda6b5418417d0a8ab198",
                "sha256:2dd2f6960ee3c9360bed7fb3c678be0ca2d00f877068556785ec2eb6b73d2414",
                "sha256:3071ec998cc3d7b4944377e5f1217c2c44b811fae16f9a495c7a1ce9b42fb038",
                "sha256:3094c7d2f820eecabadae76bfec02669567bbdd1730eabce10a5764778564f7b",
                "sha256:30b2c9caf3e55c2e323565d1f3b7e7881ab87db16997dc0cbca7c52885ed2347",
                "sha256:3177f783ae7e08aaf7b2802e0df4e4b13903520e8380915e6337cdc7a6ff01d8",
                "sha256:31dab1f3e1d0cdd57e8df01b645f52d43cc1b653ed3afd535d2891f4fc4f9712",
                "sha256:33bb16a07d3cc4e0aea37b242097cd5f7a156312012455c2fa8ca396953b11c4",
                "sha256:349093675a2d3759e4fb42b596afffa2b2518c890492563d7905fac503b20daa",
                "sha256:39d77d8bbb392fa443831e6d4ae534237b1f4eee6aa186f0cdb4e334ba89536e",
                "sha256:3a7f02a58a0c2912734105e05dedbee4f7507e6f1bd132ebad520be0b11d46fd",
                "sha256:3b287e814a01deddb59b88549c1e0c87cefacd798d4afc0c8bd6042d1c3d48aa",
                "sha256:3c74f4725485f0a7a3862cfd374cc1b740cebe4c133e0c1425984bcdcce0f4bb",
                "sha256:3cadf7f4c8e94d8a77874b54a63c80af01f4d48c4b669c8b6867f86a07ba994f",
                "sha256:3d18a9b9b858ee140c15c5bfcb3e66e47e2a70a03272c2e72adda2482f76a6ad",
                "sha256:3f0e6a6c807fa887a0c51cc24fe7ea51bb9e496fe88f00d7930063372c3664c3",
                "sha256:4344c30025210b9fa80ec257b0e0aab5aa1d5cca91daa70d82ab97b482cc038e",
                "sha256:4497d49d785482cc1a44a0ddf8830b036a468c088e72a05217f5b60a9e025012",
                "sha256:547dc5d7f834b1deefda51aedb11a7af9c51c45e689e44e14aa85d44147c7657",
                "sha256:5556e306713e2522e460287615d26c0af0fe5ed9d4f431dad35c6624c5d277e9",
                "sha256:55dac73316e7e8c2616ba2e6f62b750918e9e0ae0b2053699d66ca27a7790105",
                "sha256:56816e43c92c2fa8c11dc2a686f0ca248bea7902f4a067fa6cbc77853b0f041e",
                "sha256:5bd94c503271e79917b27c6e77f7c5474da6930b3fb9e70a12e68c2dff386b9a",
                "sha256:5ec31adc2e988fd7db3ab509954791bbc5a452a03c85e45b804b4bfc31fa221d",
                "sha256:69247f7a2835fc0984bbf0892e6022e9a36aec70e187fcfe6cae6a373eb8c4de",
                "sha256:6a0ae7a48a6ef82ceb98a366948874834b86c84e288dbd55600c1abfc3ac1d88",
                "sha256:6a1810c2cbde714decf40f811d1edc0dae45506eb37298fd9d4247b8801509fe",
                "sha256:6dcc95f4bb9ed793714b43f4f23a7b0c57e4ef47414162297d6f650213512c19",
                "sha256:76013fef1c9cd1cd00d55efde516c154aa169f2bf059b197c263a255ba8a9ddf",
                "sha256:77e0df59b1a4994ad30c6d746992ae887f9756a43fc25dec2db515d94cf0222d",
                "sha256:7bb0e9049e81def6829d09558ad12d16d0454c26cabe6efc3658e544460688d9",
                "sha256:88beb444fb438385e53dc9110852910ec2a22f0eab7dd489e827038fdc19ed8d",
                "sha256:8b47ebd89e69fbf33d1c2df79759d7162fc80c7652dacfec136dae1c9b3afac7",
                "sha256:8d219b4508f71d762368caec1fc180960569766049bbc4d38174f05e8ef2fe5b",
                "sha256:8ec75f35f62571a43e31e7bd11749d974c1b5cd5ea4a8388725d579263c0fdf6",
                "sha256:9167e735379ec43d8eafa3fd675bfbb12e2c0464f98960586e9447d2cf2c7a83",
                "sha256:9a710c184ba845afb05a6f876edac8f27783ba70e52d5eaf939f121fc13b2f59",
                "sha256:9aafd036f6f2e5ad109aec92f8dbfcbe76cff16bad683eb6dd18013739c0b3ae",
                "sha256:9c79d597fb3a7c93d7c26924db7497eba06d58f88f58e586aa69b2ad89fee0f8",
                "sha256:a2831e05ce0a4df10c4ac5399ef50b9a621f90894c2a4d2945dc5658765514ed",
                "sha256:a5e641f931c5cd95b376fd3c59db52770e17bec2bf86ef16cc83b3906c054845",
                "sha256:b10d8cda9fc2fcdcfa4a000aa10413a2bf8b575852cd07cb8a595ed09689ca98",
                "sha256:b435b13bb8e36be11b75f7384a34eefe487fe87a6267172964628e2b14ecf0a7",
                "sha256:b7b1a83ce514700276a46af3d9e481ec381f05b64939effc9065afe18456a6b9",
                "sha256:b8729dbf25eb32ad0dc0b9bd5e6a0d0b7e5c2dc8ec06ad171088e1896b522a74",
                "sha256:bbed8cccebe1169d45cedf00461b2842652d476d2897fd1c42cf41b635d88746",
                "sha256:c258dbacfff1224f13576147df16ce3c02024a0d792fd0323ac01bed5d3c545d",
                "sha256:c30a9e06041fbd7a7590693ec5e407aa8737ad91912a1e70176aff92e5c99d20",
                "sha256:c91ea3915425bd4111cb1b74511cdc56d1d16a683a48bf2a5a96b6a6c0f297f7",
                "sha256:d0355cff58a4ed6d5e5f6b9c3693f52de0784aa0c17119394e2a8e376ce489d4",
                "sha256:d483793a384c550c2d12cb794ede294d303b42beff75f3b3081f57196660edaf",
                "sha256:d4c2be9760b112b1caf649b4977b81b69893d75aa86caf4f0f398447be871f3c",
                "sha256:d8e62d06e90f60ea2a3d463ae51401475568b995bafaffd81767d208d84d7bb1",
                "sha256:da08ea09eefa6b960c2dd9a68ec47949235485c623621eb1d6c02b46765322ac",
                "sha256:dd1fa413f8b9ba30140de198e4f408ffbba6396864c7554e0867aa7363eb58b2",
                "sha256:e2aced6fb2f5261b47d267cb40060b73b6527e64afe54f6497844c9affed5fd0",
                "sha256:e438417ce1dc5b758742e12661d800482200b042d03512a8f31f6aaa9137ad40",
                "sha256:e470fa4bace5f50076c32f4b3cc182b31303b4fefb9b87f990144515d572820b",
                "sha256:eaf2f65190c506def2581219572b9c70b8250615dc918b3b7c218361a51ec42e",
                "sha256:ef102a67ede70e1721fe27f75073b5314911dbb9bc27cde0a1c402a11531e7bd",
                "sha256:ef801027629c5b511cf2ba13b9be29bfee36ae834b2d95d9877818479cdc99ea",
                "sha256:f7acc03a4f1154ba2643edeb13658d08598fe6e490c3dd96a241b94f09801626",
                "sha256:f9756f1d25454ba6a3c2f1ef8b7ddec23e5cdeae3dc3c3377243ae37a383db00",
                "sha256:ff62ba8ff70f01ab4fe0ae36b2cb0b5d1f42e73dfc81ddf0758cd9f77331ad25",
                "sha256:ff925f1cca42e933376d09ddc254598f8c5fcd36efc5cac0118bb36c36217c41"
            ],
            "markers": "python_version >= '3.7'",
            "version": "==4.6.1"
        },
        "python-dateutil": {
            "hashes": [
                "sha256:0123cacc1627ae19ddf3c27a5de5bd67ee4586fbdd6440d9748f8abb483d3e86",
                "sha256:961d03dc3453ebbc59dbdea9e4e11c5651520a876d0f4db161e8674aae935da9"
            ],
            "markers": "python_version >= '2.7' and python_version not in '3.0, 3.1, 3.2, 3.3'",
            "version": "==2.8.2"
        },
        "python-dotenv": {
            "hashes": [
                "sha256:a8df96034aae6d2d50a4ebe8216326c61c3eb64836776504fcca410e5937a3ba",
                "sha256:f5971a9226b701070a4bf2c38c89e5a3f0d64de8debda981d1db98583009122a"
            ],
            "index": "pypi",
            "markers": "python_version >= '3.8'",
            "version": "==1.0.0"
        },
        "pytz": {
            "hashes": [
                "sha256:7b4fddbeb94a1eba4b557da24f19fdf9db575192544270a9101d8509f9f43d7b",
                "sha256:ce42d816b81b68506614c11e8937d3aa9e41007ceb50bfdcb0749b921bf646c7"
            ],
            "version": "==2023.3.post1"
        },
        "realtime": {
            "hashes": [
                "sha256:776170a4329edc869b91e104c554cda02c8bf8e052cbb93c377e22482870959c",
                "sha256:8f8375199fd917cd0ded818702321f91b208ab72794ade0a33cee9d55ae30f11"
            ],
            "markers": "python_version >= '3.8' and python_version < '4.0'",
            "version": "==1.0.2"
        },
        "setuptools": {
            "hashes": [
                "sha256:385eb4edd9c9d5c17540511303e39a147ce2fc04bc55289c322b9e5904fe2c05",
                "sha256:be1af57fc409f93647f2e8e4573a142ed38724b8cdd389706a867bb4efcf1e78"
            ],
            "index": "pypi",
            "markers": "python_version >= '3.8'",
            "version": "==69.0.3"
        },
        "six": {
            "hashes": [
                "sha256:1e61c37477a1626458e36f7b1d82aa5c9b094fa4802892072e49de9c60c4c926",
                "sha256:8abb2f1d86890a2dfb989f9a77cfcfd3e47c2a354b01111771326f8aa26e0254"
            ],
            "markers": "python_version >= '2.7' and python_version not in '3.0, 3.1, 3.2, 3.3'",
            "version": "==1.16.0"
        },
        "sniffio": {
            "hashes": [
                "sha256:e60305c5e5d314f5389259b7f22aaa33d8f7dee49763119234af3755c55b9101",
                "sha256:eecefdce1e5bbfb7ad2eeaabf7c1eeb404d7757c379bd1f7e5cce9d8bf425384"
            ],
            "markers": "python_version >= '3.7'",
            "version": "==1.3.0"
        },
        "sqlparse": {
            "hashes": [
                "sha256:5430a4fe2ac7d0f93e66f1efc6e1338a41884b7ddf2a350cedd20ccc4d9d28f3",
                "sha256:d446183e84b8349fa3061f0fe7f06ca94ba65b426946ffebe6e3e8295332420c"
            ],
            "markers": "python_version >= '3.5'",
            "version": "==0.4.4"
        },
        "storage3": {
            "hashes": [
                "sha256:9ddecc775cdc04514413bd44b9ec61bc25aad9faadabefdb6e6e88b33756f5fd",
                "sha256:dd2d6e68f7a3dc038047ed62fa8bdc5c2e3d6b6e56ee2951195d084bcce71605"
            ],
            "markers": "python_version >= '3.8' and python_version < '4.0'",
            "version": "==0.7.0"
        },
        "strenum": {
            "hashes": [
                "sha256:878fb5ab705442070e4dd1929bb5e2249511c0bcf2b0eeacf3bcd80875c82eff",
                "sha256:a30cda4af7cc6b5bf52c8055bc4bf4b2b6b14a93b574626da33df53cf7740659"
            ],
            "version": "==0.4.15"
        },
        "supabase": {
            "hashes": [
                "sha256:100f9c2b24ab3152b6f851fb77985668e791b85cf3d0df0629c6082c00f4af9a",
                "sha256:d4c1f154a1110b1fb55d042e78431c7a2cdb7dee58cd6afb741de191ea235c86"
            ],
            "index": "pypi",
            "markers": "python_version >= '3.8' and python_version < '4.0'",
            "version": "==2.3.0"
        },
        "supafunc": {
            "hashes": [
                "sha256:8ab338216f3845d52c45c9fdc3246a719d3f9b8d8647e8bc382fb5cdda54ddb9",
                "sha256:8d0f3e09bd2d6bef2088cf91e4337aa920bf5e8ecadd24235e4a276c8c6b301c"
            ],
            "markers": "python_version >= '3.8' and python_version < '4.0'",
            "version": "==0.3.1"
        },
        "timedelta": {
            "hashes": [
                "sha256:41c28b314de9cb6e4c95fcc9f4e3ecee435f2fc821a079cd9243be4783ac4cf4"
            ],
            "index": "pypi",
            "version": "==2020.12.3"
        },
        "typing-extensions": {
            "hashes": [
                "sha256:23478f88c37f27d76ac8aee6c905017a143b0b1b886c3c9f66bc2fd94f9f5783",
                "sha256:af72aea155e91adfc61c3ae9e0e342dbc0cba726d6cba4b6c72c1f34e47291cd"
            ],
            "markers": "python_version >= '3.8'",
            "version": "==4.9.0"
        },
        "tzdata": {
            "hashes": [
                "sha256:aa3ace4329eeacda5b7beb7ea08ece826c28d761cda36e747cfbf97996d39bf3",
                "sha256:dd54c94f294765522c77399649b4fefd95522479a664a0cec87f41bebc6148c9"
            ],
            "markers": "sys_platform == 'win32'",
            "version": "==2023.4"
        },
        "websockets": {
            "hashes": [
                "sha256:01f5567d9cf6f502d655151645d4e8b72b453413d3819d2b6f1185abc23e82dd",
                "sha256:03aae4edc0b1c68498f41a6772d80ac7c1e33c06c6ffa2ac1c27a07653e79d6f",
                "sha256:0ac56b661e60edd453585f4bd68eb6a29ae25b5184fd5ba51e97652580458998",
                "sha256:0ee68fe502f9031f19d495dae2c268830df2760c0524cbac5d759921ba8c8e82",
                "sha256:1553cb82942b2a74dd9b15a018dce645d4e68674de2ca31ff13ebc2d9f283788",
                "sha256:1a073fc9ab1c8aff37c99f11f1641e16da517770e31a37265d2755282a5d28aa",
                "sha256:1d2256283fa4b7f4c7d7d3e84dc2ece74d341bce57d5b9bf385df109c2a1a82f",
                "sha256:1d5023a4b6a5b183dc838808087033ec5df77580485fc533e7dab2567851b0a4",
                "sha256:1fdf26fa8a6a592f8f9235285b8affa72748dc12e964a5518c6c5e8f916716f7",
                "sha256:2529338a6ff0eb0b50c7be33dc3d0e456381157a31eefc561771ee431134a97f",
                "sha256:279e5de4671e79a9ac877427f4ac4ce93751b8823f276b681d04b2156713b9dd",
                "sha256:2d903ad4419f5b472de90cd2d40384573b25da71e33519a67797de17ef849b69",
                "sha256:332d126167ddddec94597c2365537baf9ff62dfcc9db4266f263d455f2f031cb",
                "sha256:34fd59a4ac42dff6d4681d8843217137f6bc85ed29722f2f7222bd619d15e95b",
                "sha256:3580dd9c1ad0701169e4d6fc41e878ffe05e6bdcaf3c412f9d559389d0c9e016",
                "sha256:3ccc8a0c387629aec40f2fc9fdcb4b9d5431954f934da3eaf16cdc94f67dbfac",
                "sha256:41f696ba95cd92dc047e46b41b26dd24518384749ed0d99bea0a941ca87404c4",
                "sha256:42cc5452a54a8e46a032521d7365da775823e21bfba2895fb7b77633cce031bb",
                "sha256:4841ed00f1026dfbced6fca7d963c4e7043aa832648671b5138008dc5a8f6d99",
                "sha256:4b253869ea05a5a073ebfdcb5cb3b0266a57c3764cf6fe114e4cd90f4bfa5f5e",
                "sha256:54c6e5b3d3a8936a4ab6870d46bdd6ec500ad62bde9e44462c32d18f1e9a8e54",
                "sha256:619d9f06372b3a42bc29d0cd0354c9bb9fb39c2cbc1a9c5025b4538738dbffaf",
                "sha256:6505c1b31274723ccaf5f515c1824a4ad2f0d191cec942666b3d0f3aa4cb4007",
                "sha256:660e2d9068d2bedc0912af508f30bbeb505bbbf9774d98def45f68278cea20d3",
                "sha256:6681ba9e7f8f3b19440921e99efbb40fc89f26cd71bf539e45d8c8a25c976dc6",
                "sha256:68b977f21ce443d6d378dbd5ca38621755f2063d6fdb3335bda981d552cfff86",
                "sha256:69269f3a0b472e91125b503d3c0b3566bda26da0a3261c49f0027eb6075086d1",
                "sha256:6f1a3f10f836fab6ca6efa97bb952300b20ae56b409414ca85bff2ad241d2a61",
                "sha256:7622a89d696fc87af8e8d280d9b421db5133ef5b29d3f7a1ce9f1a7bf7fcfa11",
                "sha256:777354ee16f02f643a4c7f2b3eff8027a33c9861edc691a2003531f5da4f6bc8",
                "sha256:84d27a4832cc1a0ee07cdcf2b0629a8a72db73f4cf6de6f0904f6661227f256f",
                "sha256:8531fdcad636d82c517b26a448dcfe62f720e1922b33c81ce695d0edb91eb931",
                "sha256:86d2a77fd490ae3ff6fae1c6ceaecad063d3cc2320b44377efdde79880e11526",
                "sha256:88fc51d9a26b10fc331be344f1781224a375b78488fc343620184e95a4b27016",
                "sha256:8a34e13a62a59c871064dfd8ffb150867e54291e46d4a7cf11d02c94a5275bae",
                "sha256:8c82f11964f010053e13daafdc7154ce7385ecc538989a354ccc7067fd7028fd",
                "sha256:92b2065d642bf8c0a82d59e59053dd2fdde64d4ed44efe4870fa816c1232647b",
                "sha256:97b52894d948d2f6ea480171a27122d77af14ced35f62e5c892ca2fae9344311",
                "sha256:9d9acd80072abcc98bd2c86c3c9cd4ac2347b5a5a0cae7ed5c0ee5675f86d9af",
                "sha256:9f59a3c656fef341a99e3d63189852be7084c0e54b75734cde571182c087b152",
                "sha256:aa5003845cdd21ac0dc6c9bf661c5beddd01116f6eb9eb3c8e272353d45b3288",
                "sha256:b16fff62b45eccb9c7abb18e60e7e446998093cdcb50fed33134b9b6878836de",
                "sha256:b30c6590146e53149f04e85a6e4fcae068df4289e31e4aee1fdf56a0dead8f97",
                "sha256:b58cbf0697721120866820b89f93659abc31c1e876bf20d0b3d03cef14faf84d",
                "sha256:b67c6f5e5a401fc56394f191f00f9b3811fe843ee93f4a70df3c389d1adf857d",
                "sha256:bceab846bac555aff6427d060f2fcfff71042dba6f5fca7dc4f75cac815e57ca",
                "sha256:bee9fcb41db2a23bed96c6b6ead6489702c12334ea20a297aa095ce6d31370d0",
                "sha256:c114e8da9b475739dde229fd3bc6b05a6537a88a578358bc8eb29b4030fac9c9",
                "sha256:c1f0524f203e3bd35149f12157438f406eff2e4fb30f71221c8a5eceb3617b6b",
                "sha256:c792ea4eabc0159535608fc5658a74d1a81020eb35195dd63214dcf07556f67e",
                "sha256:c7f3cb904cce8e1be667c7e6fef4516b98d1a6a0635a58a57528d577ac18a128",
                "sha256:d67ac60a307f760c6e65dad586f556dde58e683fab03323221a4e530ead6f74d",
                "sha256:dcacf2c7a6c3a84e720d1bb2b543c675bf6c40e460300b628bab1b1efc7c034c",
                "sha256:de36fe9c02995c7e6ae6efe2e205816f5f00c22fd1fbf343d4d18c3d5ceac2f5",
                "sha256:def07915168ac8f7853812cc593c71185a16216e9e4fa886358a17ed0fd9fcf6",
                "sha256:df41b9bc27c2c25b486bae7cf42fccdc52ff181c8c387bfd026624a491c2671b",
                "sha256:e052b8467dd07d4943936009f46ae5ce7b908ddcac3fda581656b1b19c083d9b",
                "sha256:e063b1865974611313a3849d43f2c3f5368093691349cf3c7c8f8f75ad7cb280",
                "sha256:e1459677e5d12be8bbc7584c35b992eea142911a6236a3278b9b5ce3326f282c",
                "sha256:e1a99a7a71631f0efe727c10edfba09ea6bee4166a6f9c19aafb6c0b5917d09c",
                "sha256:e590228200fcfc7e9109509e4d9125eace2042fd52b595dd22bbc34bb282307f",
                "sha256:e6316827e3e79b7b8e7d8e3b08f4e331af91a48e794d5d8b099928b6f0b85f20",
                "sha256:e7837cb169eca3b3ae94cc5787c4fed99eef74c0ab9506756eea335e0d6f3ed8",
                "sha256:e848f46a58b9fcf3d06061d17be388caf70ea5b8cc3466251963c8345e13f7eb",
                "sha256:ed058398f55163a79bb9f06a90ef9ccc063b204bb346c4de78efc5d15abfe602",
                "sha256:f2e58f2c36cc52d41f2659e4c0cbf7353e28c8c9e63e30d8c6d3494dc9fdedcf",
                "sha256:f467ba0050b7de85016b43f5a22b46383ef004c4f672148a8abf32bc999a87f0",
                "sha256:f61bdb1df43dc9c131791fbc2355535f9024b9a04398d3bd0684fc16ab07df74",
                "sha256:fb06eea71a00a7af0ae6aefbb932fb8a7df3cb390cc217d51a9ad7343de1b8d0",
                "sha256:ffd7dcaf744f25f82190856bc26ed81721508fc5cbf2a330751e135ff1283564"
            ],
            "markers": "python_version >= '3.7'",
            "version": "==11.0.3"
        }
    },
    "develop": {}
}
