{
    "_meta": {
        "hash": {
            "sha256": "a79efd400ac61be4941b798787dd20af38c933d2f463267fe275cfb7c636e2df"
        },
        "pipfile-spec": 6,
        "requires": {
            "python_version": "3.12"
        },
        "sources": [
            {
                "name": "pypi",
                "url": "https://pypi.org/simple",
                "verify_ssl": true
            }
        ]
    },
    "default": {
        "asgiref": {
            "hashes": [
                "sha256:89b2ef2247e3b562a16eef663bc0e2e703ec6468e2fa8a5cd61cd449786d4f6e",
                "sha256:9e0ce3aa93a819ba5b45120216b23878cf6e8525eb3848653452b4192b92afed"
            ],
            "markers": "python_version >= '3.7'",
            "version": "==3.7.2"
        },
        "django": {
            "hashes": [
                "sha256:3a9fd52b8dbeae335ddf4a9dfa6c6a0853a1122f1fb071a8d5eca979f73a05c8",
                "sha256:7d29e14dfbc19cb6a95a4bd669edbde11f5d4c6a71fdaa42c2d40b6846e807f7"
            ],
            "index": "pypi",
            "markers": "python_version >= '3.10'",
            "version": "==5.0"
        },
        "djangorestframework": {
            "hashes": [
                "sha256:579a333e6256b09489cbe0a067e66abe55c6595d8926be6b99423786334350c8",
                "sha256:eb63f58c9f218e1a7d064d17a70751f528ed4e1d35547fdade9aaf4cd103fd08"
            ],
            "index": "pypi",
            "markers": "python_version >= '3.6'",
            "version": "==3.14.0"
        },
        "djangorestframework-camel-case": {
            "hashes": [
                "sha256:cdae75846648abb6585c7470639a1d2fb064dc45f8e8b62aaa50be7f1a7a61f4"
            ],
            "index": "pypi",
            "markers": "python_version >= '3.5'",
            "version": "==1.4.2"
        },
        "djangorestframework-simplejwt": {
            "hashes": [
                "sha256:381bc966aa46913905629d472cd72ad45faa265509764e20ffd440164c88d220",
                "sha256:6c4bd37537440bc439564ebf7d6085e74c5411485197073f508ebdfa34bc9fae"
            ],
            "index": "pypi",
            "markers": "python_version >= '3.8'",
            "version": "==5.3.1"
        },
        "dnspython": {
            "hashes": [
                "sha256:57c6fbaaeaaf39c891292012060beb141791735dbb4004798328fc2c467402d8",
                "sha256:8dcfae8c7460a2f84b4072e26f1c9f4101ca20c071649cb7c34e8b6a93d58984"
            ],
            "markers": "python_version >= '3.8' and python_version < '4.0'",
            "version": "==2.4.2"
        },
        "pillow": {
            "hashes": [
                "sha256:00f438bb841382b15d7deb9a05cc946ee0f2c352653c7aa659e75e592f6fa17d",
                "sha256:0248f86b3ea061e67817c47ecbe82c23f9dd5d5226200eb9090b3873d3ca32de",
                "sha256:04f6f6149f266a100374ca3cc368b67fb27c4af9f1cc8cb6306d849dcdf12616",
                "sha256:062a1610e3bc258bff2328ec43f34244fcec972ee0717200cb1425214fe5b839",
                "sha256:0a026c188be3b443916179f5d04548092e253beb0c3e2ee0a4e2cdad72f66099",
                "sha256:0f7c276c05a9767e877a0b4c5050c8bee6a6d960d7f0c11ebda6b99746068c2a",
                "sha256:1a8413794b4ad9719346cd9306118450b7b00d9a15846451549314a58ac42219",
                "sha256:1ab05f3db77e98f93964697c8efc49c7954b08dd61cff526b7f2531a22410106",
                "sha256:1c3ac5423c8c1da5928aa12c6e258921956757d976405e9467c5f39d1d577a4b",
                "sha256:1c41d960babf951e01a49c9746f92c5a7e0d939d1652d7ba30f6b3090f27e412",
                "sha256:1fafabe50a6977ac70dfe829b2d5735fd54e190ab55259ec8aea4aaea412fa0b",
                "sha256:1fb29c07478e6c06a46b867e43b0bcdb241b44cc52be9bc25ce5944eed4648e7",
                "sha256:24fadc71218ad2b8ffe437b54876c9382b4a29e030a05a9879f615091f42ffc2",
                "sha256:2cdc65a46e74514ce742c2013cd4a2d12e8553e3a2563c64879f7c7e4d28bce7",
                "sha256:2ef6721c97894a7aa77723740a09547197533146fba8355e86d6d9a4a1056b14",
                "sha256:3b834f4b16173e5b92ab6566f0473bfb09f939ba14b23b8da1f54fa63e4b623f",
                "sha256:3d929a19f5469b3f4df33a3df2983db070ebb2088a1e145e18facbc28cae5b27",
                "sha256:41f67248d92a5e0a2076d3517d8d4b1e41a97e2df10eb8f93106c89107f38b57",
                "sha256:47e5bf85b80abc03be7455c95b6d6e4896a62f6541c1f2ce77a7d2bb832af262",
                "sha256:4d0152565c6aa6ebbfb1e5d8624140a440f2b99bf7afaafbdbf6430426497f28",
                "sha256:50d08cd0a2ecd2a8657bd3d82c71efd5a58edb04d9308185d66c3a5a5bed9610",
                "sha256:61f1a9d247317fa08a308daaa8ee7b3f760ab1809ca2da14ecc88ae4257d6172",
                "sha256:6932a7652464746fcb484f7fc3618e6503d2066d853f68a4bd97193a3996e273",
                "sha256:7a7e3daa202beb61821c06d2517428e8e7c1aab08943e92ec9e5755c2fc9ba5e",
                "sha256:7dbaa3c7de82ef37e7708521be41db5565004258ca76945ad74a8e998c30af8d",
                "sha256:7df5608bc38bd37ef585ae9c38c9cd46d7c81498f086915b0f97255ea60c2818",
                "sha256:806abdd8249ba3953c33742506fe414880bad78ac25cc9a9b1c6ae97bedd573f",
                "sha256:883f216eac8712b83a63f41b76ddfb7b2afab1b74abbb413c5df6680f071a6b9",
                "sha256:912e3812a1dbbc834da2b32299b124b5ddcb664ed354916fd1ed6f193f0e2d01",
                "sha256:937bdc5a7f5343d1c97dc98149a0be7eb9704e937fe3dc7140e229ae4fc572a7",
                "sha256:9882a7451c680c12f232a422730f986a1fcd808da0fd428f08b671237237d651",
                "sha256:9a92109192b360634a4489c0c756364c0c3a2992906752165ecb50544c251312",
                "sha256:9d7bc666bd8c5a4225e7ac71f2f9d12466ec555e89092728ea0f5c0c2422ea80",
                "sha256:a5f63b5a68daedc54c7c3464508d8c12075e56dcfbd42f8c1bf40169061ae666",
                "sha256:a646e48de237d860c36e0db37ecaecaa3619e6f3e9d5319e527ccbc8151df061",
                "sha256:a89b8312d51715b510a4fe9fc13686283f376cfd5abca8cd1c65e4c76e21081b",
                "sha256:a92386125e9ee90381c3369f57a2a50fa9e6aa8b1cf1d9c4b200d41a7dd8e992",
                "sha256:ae88931f93214777c7a3aa0a8f92a683f83ecde27f65a45f95f22d289a69e593",
                "sha256:afc8eef765d948543a4775f00b7b8c079b3321d6b675dde0d02afa2ee23000b4",
                "sha256:b0eb01ca85b2361b09480784a7931fc648ed8b7836f01fb9241141b968feb1db",
                "sha256:b1c25762197144e211efb5f4e8ad656f36c8d214d390585d1d21281f46d556ba",
                "sha256:b4005fee46ed9be0b8fb42be0c20e79411533d1fd58edabebc0dd24626882cfd",
                "sha256:b920e4d028f6442bea9a75b7491c063f0b9a3972520731ed26c83e254302eb1e",
                "sha256:baada14941c83079bf84c037e2d8b7506ce201e92e3d2fa0d1303507a8538212",
                "sha256:bb40c011447712d2e19cc261c82655f75f32cb724788df315ed992a4d65696bb",
                "sha256:c0949b55eb607898e28eaccb525ab104b2d86542a85c74baf3a6dc24002edec2",
                "sha256:c9aeea7b63edb7884b031a35305629a7593272b54f429a9869a4f63a1bf04c34",
                "sha256:cfe96560c6ce2f4c07d6647af2d0f3c54cc33289894ebd88cfbb3bcd5391e256",
                "sha256:d27b5997bdd2eb9fb199982bb7eb6164db0426904020dc38c10203187ae2ff2f",
                "sha256:d921bc90b1defa55c9917ca6b6b71430e4286fc9e44c55ead78ca1a9f9eba5f2",
                "sha256:e6bf8de6c36ed96c86ea3b6e1d5273c53f46ef518a062464cd7ef5dd2cf92e38",
                "sha256:eaed6977fa73408b7b8a24e8b14e59e1668cfc0f4c40193ea7ced8e210adf996",
                "sha256:fa1d323703cfdac2036af05191b969b910d8f115cf53093125e4058f62012c9a",
                "sha256:fe1e26e1ffc38be097f0ba1d0d07fcade2bcfd1d023cda5b29935ae8052bd793"
            ],
            "index": "pypi",
            "markers": "python_version >= '3.8'",
            "version": "==10.1.0"
        },
        "psycopg2": {
            "hashes": [
                "sha256:121081ea2e76729acfb0673ff33755e8703d45e926e416cb59bae3a86c6a4981",
                "sha256:38a8dcc6856f569068b47de286b472b7c473ac7977243593a288ebce0dc89516",
                "sha256:426f9f29bde126913a20a96ff8ce7d73fd8a216cfb323b1f04da402d452853c3",
                "sha256:5e0d98cade4f0e0304d7d6f25bbfbc5bd186e07b38eac65379309c4ca3193efa",
                "sha256:7e2dacf8b009a1c1e843b5213a87f7c544b2b042476ed7755be813eaf4e8347a",
                "sha256:a7653d00b732afb6fc597e29c50ad28087dcb4fbfb28e86092277a559ae4e693",
                "sha256:ade01303ccf7ae12c356a5e10911c9e1c51136003a9a1d92f7aa9d010fb98372",
                "sha256:bac58c024c9922c23550af2a581998624d6e02350f4ae9c5f0bc642c633a2d5e",
                "sha256:c92811b2d4c9b6ea0285942b2e7cac98a59e166d59c588fe5cfe1eda58e72d59",
                "sha256:d1454bde93fb1e224166811694d600e746430c006fbb031ea06ecc2ea41bf156",
                "sha256:d735786acc7dd25815e89cc4ad529a43af779db2e25aa7c626de864127e5a024",
                "sha256:de80739447af31525feddeb8effd640782cf5998e1a4e9192ebdf829717e3913",
                "sha256:ff432630e510709564c01dafdbe996cb552e0b9f3f065eb89bdce5bd31fabf4c"
            ],
            "index": "pypi",
            "markers": "python_version >= '3.7'",
            "version": "==2.9.9"
        },
        "pygments": {
            "hashes": [
                "sha256:b27c2826c47d0f3219f29554824c30c5e8945175d888647acd804ddd04af846c",
                "sha256:da46cec9fd2de5be3a8a784f434e4c4ab670b4ff54d605c4c2717e9d49c4c367"
            ],
            "index": "pypi",
            "markers": "python_version >= '3.7'",
            "version": "==2.17.2"
        },
        "pyjwt": {
            "hashes": [
                "sha256:57e28d156e3d5c10088e0c68abb90bfac3df82b40a71bd0daa20c65ccd5c23de",
                "sha256:59127c392cc44c2da5bb3192169a91f429924e17aff6534d70fdc02ab3e04320"
            ],
            "markers": "python_version >= '3.7'",
            "version": "==2.8.0"
        },
        "pymongo": {
            "extras": [
                "srv"
            ],
            "hashes": [
                "sha256:00c199e1c593e2c8b033136d7a08f0c376452bac8a896c923fcd6f419e07bdd2",
                "sha256:010bc9aa90fd06e5cc52c8fac2c2fd4ef1b5f990d9638548dde178005770a5e8",
                "sha256:026a24a36394dc8930cbcb1d19d5eb35205ef3c838a7e619e04bd170713972e7",
                "sha256:061598cbc6abe2f382ab64c9caa83faa2f4c51256f732cdd890bcc6e63bfb67e",
                "sha256:13552ca505366df74e3e2f0a4f27c363928f3dff0eef9f281eb81af7f29bc3c5",
                "sha256:13d613c866f9f07d51180f9a7da54ef491d130f169e999c27e7633abe8619ec9",
                "sha256:144a31391a39a390efce0c5ebcaf4bf112114af4384c90163f402cec5ede476b",
                "sha256:1461199b07903fc1424709efafe379205bf5f738144b1a50a08b0396357b5abf",
                "sha256:154b361dcb358ad377d5d40df41ee35f1cc14c8691b50511547c12404f89b5cb",
                "sha256:1c5654bb8bb2bdb10e7a0bc3c193dd8b49a960b9eebc4381ff5a2043f4c3c441",
                "sha256:1de3c6faf948f3edd4e738abdb4b76572b4f4fdfc1fed4dad02427e70c5a6219",
                "sha256:1ed23b0e2dac6f84f44c8494fbceefe6eb5c35db5c1099f56ab78fc0d94ab3af",
                "sha256:1f2b856518bfcfa316c8dae3d7b412aecacf2e8ba30b149f5eb3b63128d703b9",
                "sha256:2346450a075625c4d6166b40a013b605a38b6b6168ce2232b192a37fb200d588",
                "sha256:262356ea5fcb13d35fb2ab6009d3927bafb9504ef02339338634fffd8a9f1ae4",
                "sha256:27b81ecf18031998ad7db53b960d1347f8f29e8b7cb5ea7b4394726468e4295e",
                "sha256:2940aa20e9cc328e8ddeacea8b9a6f5ddafe0b087fedad928912e787c65b4909",
                "sha256:2d4ccac3053b84a09251da8f5350bb684cbbf8c8c01eda6b5418417d0a8ab198",
                "sha256:2dd2f6960ee3c9360bed7fb3c678be0ca2d00f877068556785ec2eb6b73d2414",
                "sha256:3071ec998cc3d7b4944377e5f1217c2c44b811fae16f9a495c7a1ce9b42fb038",
                "sha256:3094c7d2f820eecabadae76bfec02669567bbdd1730eabce10a5764778564f7b",
                "sha256:30b2c9caf3e55c2e323565d1f3b7e7881ab87db16997dc0cbca7c52885ed2347",
                "sha256:3177f783ae7e08aaf7b2802e0df4e4b13903520e8380915e6337cdc7a6ff01d8",
                "sha256:31dab1f3e1d0cdd57e8df01b645f52d43cc1b653ed3afd535d2891f4fc4f9712",
                "sha256:33bb16a07d3cc4e0aea37b242097cd5f7a156312012455c2fa8ca396953b11c4",
                "sha256:349093675a2d3759e4fb42b596afffa2b2518c890492563d7905fac503b20daa",
                "sha256:39d77d8bbb392fa443831e6d4ae534237b1f4eee6aa186f0cdb4e334ba89536e",
                "sha256:3a7f02a58a0c2912734105e05dedbee4f7507e6f1bd132ebad520be0b11d46fd",
                "sha256:3b287e814a01deddb59b88549c1e0c87cefacd798d4afc0c8bd6042d1c3d48aa",
                "sha256:3c74f4725485f0a7a3862cfd374cc1b740cebe4c133e0c1425984bcdcce0f4bb",
                "sha256:3cadf7f4c8e94d8a77874b54a63c80af01f4d48c4b669c8b6867f86a07ba994f",
                "sha256:3d18a9b9b858ee140c15c5bfcb3e66e47e2a70a03272c2e72adda2482f76a6ad",
                "sha256:3f0e6a6c807fa887a0c51cc24fe7ea51bb9e496fe88f00d7930063372c3664c3",
                "sha256:4344c30025210b9fa80ec257b0e0aab5aa1d5cca91daa70d82ab97b482cc038e",
                "sha256:4497d49d785482cc1a44a0ddf8830b036a468c088e72a05217f5b60a9e025012",
                "sha256:547dc5d7f834b1deefda51aedb11a7af9c51c45e689e44e14aa85d44147c7657",
                "sha256:5556e306713e2522e460287615d26c0af0fe5ed9d4f431dad35c6624c5d277e9",
                "sha256:55dac73316e7e8c2616ba2e6f62b750918e9e0ae0b2053699d66ca27a7790105",
                "sha256:56816e43c92c2fa8c11dc2a686f0ca248bea7902f4a067fa6cbc77853b0f041e",
                "sha256:5bd94c503271e79917b27c6e77f7c5474da6930b3fb9e70a12e68c2dff386b9a",
                "sha256:5ec31adc2e988fd7db3ab509954791bbc5a452a03c85e45b804b4bfc31fa221d",
                "sha256:69247f7a2835fc0984bbf0892e6022e9a36aec70e187fcfe6cae6a373eb8c4de",
                "sha256:6a0ae7a48a6ef82ceb98a366948874834b86c84e288dbd55600c1abfc3ac1d88",
                "sha256:6a1810c2cbde714decf40f811d1edc0dae45506eb37298fd9d4247b8801509fe",
                "sha256:6dcc95f4bb9ed793714b43f4f23a7b0c57e4ef47414162297d6f650213512c19",
                "sha256:76013fef1c9cd1cd00d55efde516c154aa169f2bf059b197c263a255ba8a9ddf",
                "sha256:77e0df59b1a4994ad30c6d746992ae887f9756a43fc25dec2db515d94cf0222d",
                "sha256:7bb0e9049e81def6829d09558ad12d16d0454c26cabe6efc3658e544460688d9",
                "sha256:88beb444fb438385e53dc9110852910ec2a22f0eab7dd489e827038fdc19ed8d",
                "sha256:8b47ebd89e69fbf33d1c2df79759d7162fc80c7652dacfec136dae1c9b3afac7",
                "sha256:8d219b4508f71d762368caec1fc180960569766049bbc4d38174f05e8ef2fe5b",
                "sha256:8ec75f35f62571a43e31e7bd11749d974c1b5cd5ea4a8388725d579263c0fdf6",
                "sha256:9167e735379ec43d8eafa3fd675bfbb12e2c0464f98960586e9447d2cf2c7a83",
                "sha256:9a710c184ba845afb05a6f876edac8f27783ba70e52d5eaf939f121fc13b2f59",
                "sha256:9aafd036f6f2e5ad109aec92f8dbfcbe76cff16bad683eb6dd18013739c0b3ae",
                "sha256:9c79d597fb3a7c93d7c26924db7497eba06d58f88f58e586aa69b2ad89fee0f8",
                "sha256:a2831e05ce0a4df10c4ac5399ef50b9a621f90894c2a4d2945dc5658765514ed",
                "sha256:a5e641f931c5cd95b376fd3c59db52770e17bec2bf86ef16cc83b3906c054845",
                "sha256:b10d8cda9fc2fcdcfa4a000aa10413a2bf8b575852cd07cb8a595ed09689ca98",
                "sha256:b435b13bb8e36be11b75f7384a34eefe487fe87a6267172964628e2b14ecf0a7",
                "sha256:b7b1a83ce514700276a46af3d9e481ec381f05b64939effc9065afe18456a6b9",
                "sha256:b8729dbf25eb32ad0dc0b9bd5e6a0d0b7e5c2dc8ec06ad171088e1896b522a74",
                "sha256:bbed8cccebe1169d45cedf00461b2842652d476d2897fd1c42cf41b635d88746",
                "sha256:c258dbacfff1224f13576147df16ce3c02024a0d792fd0323ac01bed5d3c545d",
                "sha256:c30a9e06041fbd7a7590693ec5e407aa8737ad91912a1e70176aff92e5c99d20",
                "sha256:c91ea3915425bd4111cb1b74511cdc56d1d16a683a48bf2a5a96b6a6c0f297f7",
                "sha256:d0355cff58a4ed6d5e5f6b9c3693f52de0784aa0c17119394e2a8e376ce489d4",
                "sha256:d483793a384c550c2d12cb794ede294d303b42beff75f3b3081f57196660edaf",
                "sha256:d4c2be9760b112b1caf649b4977b81b69893d75aa86caf4f0f398447be871f3c",
                "sha256:d8e62d06e90f60ea2a3d463ae51401475568b995bafaffd81767d208d84d7bb1",
                "sha256:da08ea09eefa6b960c2dd9a68ec47949235485c623621eb1d6c02b46765322ac",
                "sha256:dd1fa413f8b9ba30140de198e4f408ffbba6396864c7554e0867aa7363eb58b2",
                "sha256:e2aced6fb2f5261b47d267cb40060b73b6527e64afe54f6497844c9affed5fd0",
                "sha256:e438417ce1dc5b758742e12661d800482200b042d03512a8f31f6aaa9137ad40",
                "sha256:e470fa4bace5f50076c32f4b3cc182b31303b4fefb9b87f990144515d572820b",
                "sha256:eaf2f65190c506def2581219572b9c70b8250615dc918b3b7c218361a51ec42e",
                "sha256:ef102a67ede70e1721fe27f75073b5314911dbb9bc27cde0a1c402a11531e7bd",
                "sha256:ef801027629c5b511cf2ba13b9be29bfee36ae834b2d95d9877818479cdc99ea",
                "sha256:f7acc03a4f1154ba2643edeb13658d08598fe6e490c3dd96a241b94f09801626",
                "sha256:f9756f1d25454ba6a3c2f1ef8b7ddec23e5cdeae3dc3c3377243ae37a383db00",
                "sha256:ff62ba8ff70f01ab4fe0ae36b2cb0b5d1f42e73dfc81ddf0758cd9f77331ad25",
                "sha256:ff925f1cca42e933376d09ddc254598f8c5fcd36efc5cac0118bb36c36217c41"
            ],
            "markers": "python_version >= '3.7'",
            "version": "==4.6.1"
        },
        "python-dotenv": {
            "hashes": [
                "sha256:a8df96034aae6d2d50a4ebe8216326c61c3eb64836776504fcca410e5937a3ba",
                "sha256:f5971a9226b701070a4bf2c38c89e5a3f0d64de8debda981d1db98583009122a"
            ],
            "index": "pypi",
            "markers": "python_version >= '3.8'",
            "version": "==1.0.0"
        },
        "pytz": {
            "hashes": [
                "sha256:7b4fddbeb94a1eba4b557da24f19fdf9db575192544270a9101d8509f9f43d7b",
                "sha256:ce42d816b81b68506614c11e8937d3aa9e41007ceb50bfdcb0749b921bf646c7"
            ],
            "version": "==2023.3.post1"
        },
        "setuptools": {
            "hashes": [
                "sha256:385eb4edd9c9d5c17540511303e39a147ce2fc04bc55289c322b9e5904fe2c05",
                "sha256:be1af57fc409f93647f2e8e4573a142ed38724b8cdd389706a867bb4efcf1e78"
            ],
            "index": "pypi",
            "markers": "python_version >= '3.8'",
            "version": "==69.0.3"
        },
        "sqlparse": {
            "hashes": [
                "sha256:5430a4fe2ac7d0f93e66f1efc6e1338a41884b7ddf2a350cedd20ccc4d9d28f3",
                "sha256:d446183e84b8349fa3061f0fe7f06ca94ba65b426946ffebe6e3e8295332420c"
            ],
            "markers": "python_version >= '3.5'",
            "version": "==0.4.4"
        },
        "timedelta": {
            "hashes": [
                "sha256:41c28b314de9cb6e4c95fcc9f4e3ecee435f2fc821a079cd9243be4783ac4cf4"
            ],
            "index": "pypi",
            "version": "==2020.12.3"
        },
        "tzdata": {
            "hashes": [
                "sha256:aa3ace4329eeacda5b7beb7ea08ece826c28d761cda36e747cfbf97996d39bf3",
                "sha256:dd54c94f294765522c77399649b4fefd95522479a664a0cec87f41bebc6148c9"
            ],
            "markers": "sys_platform == 'win32'",
            "version": "==2023.4"
        }
    },
    "develop": {}
}
